// !$*UTF8*$!
{
	archiveVersion = 1;
	classes = {
	};
	objectVersion = 56;
	objects = {

/* Begin PBXBuildFile section */
		13BC0EA52AC0AAD100798CCF /* AppDelegate.swift in Sources */ = {isa = PBXBuildFile; fileRef = 13BC0EA42AC0AAD100798CCF /* AppDelegate.swift */; };
		13BC0EA72AC0AAD100798CCF /* SceneDelegate.swift in Sources */ = {isa = PBXBuildFile; fileRef = 13BC0EA62AC0AAD100798CCF /* SceneDelegate.swift */; };
		13BC0EAE2AC0AAD400798CCF /* Assets.xcassets in Resources */ = {isa = PBXBuildFile; fileRef = 13BC0EAD2AC0AAD400798CCF /* Assets.xcassets */; };
		13BC0EB12AC0AAD400798CCF /* LaunchScreen.storyboard in Resources */ = {isa = PBXBuildFile; fileRef = 13BC0EAF2AC0AAD400798CCF /* LaunchScreen.storyboard */; };
		13BC0EBF2AC0AB8200798CCF /* MainViewController.swift in Sources */ = {isa = PBXBuildFile; fileRef = 13BC0EBE2AC0AB8200798CCF /* MainViewController.swift */; };
		13BC0EC32AC0ACB100798CCF /* Main.storyboard in Resources */ = {isa = PBXBuildFile; fileRef = 13BC0EC22AC0ACB100798CCF /* Main.storyboard */; };
		13BC0EC52AC0ACD800798CCF /* DetailViewController.swift in Sources */ = {isa = PBXBuildFile; fileRef = 13BC0EC42AC0ACD800798CCF /* DetailViewController.swift */; };
		13BC0EC72AC0ACE800798CCF /* ViewController.swift in Sources */ = {isa = PBXBuildFile; fileRef = 13BC0EC62AC0ACE800798CCF /* ViewController.swift */; };
		13BC0ECB2AC0AD2300798CCF /* DetailViewController2.swift in Sources */ = {isa = PBXBuildFile; fileRef = 13BC0EC92AC0AD2300798CCF /* DetailViewController2.swift */; };
		13BC0ECC2AC0AD2300798CCF /* ViewController2.swift in Sources */ = {isa = PBXBuildFile; fileRef = 13BC0ECA2AC0AD2300798CCF /* ViewController2.swift */; };
		13BC0ED82AC0ADB800798CCF /* nssl0051.jpg in Resources */ = {isa = PBXBuildFile; fileRef = 13BC0ECE2AC0ADB700798CCF /* nssl0051.jpg */; };
		13BC0ED92AC0ADB800798CCF /* nssl0045.jpg in Resources */ = {isa = PBXBuildFile; fileRef = 13BC0ECF2AC0ADB700798CCF /* nssl0045.jpg */; };
		13BC0EDA2AC0ADB800798CCF /* nssl0046.jpg in Resources */ = {isa = PBXBuildFile; fileRef = 13BC0ED02AC0ADB700798CCF /* nssl0046.jpg */; };
		13BC0EDB2AC0ADB800798CCF /* nssl0042.jpg in Resources */ = {isa = PBXBuildFile; fileRef = 13BC0ED12AC0ADB700798CCF /* nssl0042.jpg */; };
		13BC0EDC2AC0ADB800798CCF /* nssl0033.jpg in Resources */ = {isa = PBXBuildFile; fileRef = 13BC0ED22AC0ADB700798CCF /* nssl0033.jpg */; };
		13BC0EDD2AC0ADB800798CCF /* nssl0049.jpg in Resources */ = {isa = PBXBuildFile; fileRef = 13BC0ED32AC0ADB700798CCF /* nssl0049.jpg */; };
		13BC0EDE2AC0ADB800798CCF /* nssl0091.jpg in Resources */ = {isa = PBXBuildFile; fileRef = 13BC0ED42AC0ADB700798CCF /* nssl0091.jpg */; };
		13BC0EDF2AC0ADB800798CCF /* nssl0041.jpg in Resources */ = {isa = PBXBuildFile; fileRef = 13BC0ED52AC0ADB700798CCF /* nssl0041.jpg */; };
		13BC0EE02AC0ADB800798CCF /* nssl0043.jpg in Resources */ = {isa = PBXBuildFile; fileRef = 13BC0ED62AC0ADB700798CCF /* nssl0043.jpg */; };
		13BC0EE12AC0ADB800798CCF /* nssl0034.jpg in Resources */ = {isa = PBXBuildFile; fileRef = 13BC0ED72AC0ADB800798CCF /* nssl0034.jpg */; };
/* End PBXBuildFile section */

/* Begin PBXFileReference section */
		13BC0EA12AC0AAD100798CCF /* 022_Project3.app */ = {isa = PBXFileReference; explicitFileType = wrapper.application; includeInIndex = 0; path = 022_Project3.app; sourceTree = BUILT_PRODUCTS_DIR; };
		13BC0EA42AC0AAD100798CCF /* AppDelegate.swift */ = {isa = PBXFileReference; lastKnownFileType = sourcecode.swift; path = AppDelegate.swift; sourceTree = "<group>"; };
		13BC0EA62AC0AAD100798CCF /* SceneDelegate.swift */ = {isa = PBXFileReference; lastKnownFileType = sourcecode.swift; path = SceneDelegate.swift; sourceTree = "<group>"; };
		13BC0EAD2AC0AAD400798CCF /* Assets.xcassets */ = {isa = PBXFileReference; lastKnownFileType = folder.assetcatalog; path = Assets.xcassets; sourceTree = "<group>"; };
		13BC0EB02AC0AAD400798CCF /* Base */ = {isa = PBXFileReference; lastKnownFileType = file.storyboard; name = Base; path = Base.lproj/LaunchScreen.storyboard; sourceTree = "<group>"; };
		13BC0EB22AC0AAD400798CCF /* Info.plist */ = {isa = PBXFileReference; lastKnownFileType = text.plist.xml; path = Info.plist; sourceTree = "<group>"; };
		13BC0EBE2AC0AB8200798CCF /* MainViewController.swift */ = {isa = PBXFileReference; lastKnownFileType = sourcecode.swift; path = MainViewController.swift; sourceTree = "<group>"; };
		13BC0EC22AC0ACB100798CCF /* Main.storyboard */ = {isa = PBXFileReference; fileEncoding = 4; lastKnownFileType = file.storyboard; path = Main.storyboard; sourceTree = "<group>"; };
		13BC0EC42AC0ACD800798CCF /* DetailViewController.swift */ = {isa = PBXFileReference; fileEncoding = 4; lastKnownFileType = sourcecode.swift; path = DetailViewController.swift; sourceTree = "<group>"; };
		13BC0EC62AC0ACE800798CCF /* ViewController.swift */ = {isa = PBXFileReference; fileEncoding = 4; lastKnownFileType = sourcecode.swift; path = ViewController.swift; sourceTree = "<group>"; };
		13BC0EC92AC0AD2300798CCF /* DetailViewController2.swift */ = {isa = PBXFileReference; fileEncoding = 4; lastKnownFileType = sourcecode.swift; path = DetailViewController2.swift; sourceTree = "<group>"; };
		13BC0ECA2AC0AD2300798CCF /* ViewController2.swift */ = {isa = PBXFileReference; fileEncoding = 4; lastKnownFileType = sourcecode.swift; path = ViewController2.swift; sourceTree = "<group>"; };
		13BC0ECE2AC0ADB700798CCF /* nssl0051.jpg */ = {isa = PBXFileReference; lastKnownFileType = image.jpeg; path = nssl0051.jpg; sourceTree = "<group>"; };
		13BC0ECF2AC0ADB700798CCF /* nssl0045.jpg */ = {isa = PBXFileReference; lastKnownFileType = image.jpeg; path = nssl0045.jpg; sourceTree = "<group>"; };
		13BC0ED02AC0ADB700798CCF /* nssl0046.jpg */ = {isa = PBXFileReference; lastKnownFileType = image.jpeg; path = nssl0046.jpg; sourceTree = "<group>"; };
		13BC0ED12AC0ADB700798CCF /* nssl0042.jpg */ = {isa = PBXFileReference; lastKnownFileType = image.jpeg; path = nssl0042.jpg; sourceTree = "<group>"; };
		13BC0ED22AC0ADB700798CCF /* nssl0033.jpg */ = {isa = PBXFileReference; lastKnownFileType = image.jpeg; path = nssl0033.jpg; sourceTree = "<group>"; };
		13BC0ED32AC0ADB700798CCF /* nssl0049.jpg */ = {isa = PBXFileReference; lastKnownFileType = image.jpeg; path = nssl0049.jpg; sourceTree = "<group>"; };
		13BC0ED42AC0ADB700798CCF /* nssl0091.jpg */ = {isa = PBXFileReference; lastKnownFileType = image.jpeg; path = nssl0091.jpg; sourceTree = "<group>"; };
		13BC0ED52AC0ADB700798CCF /* nssl0041.jpg */ = {isa = PBXFileReference; lastKnownFileType = image.jpeg; path = nssl0041.jpg; sourceTree = "<group>"; };
		13BC0ED62AC0ADB700798CCF /* nssl0043.jpg */ = {isa = PBXFileReference; lastKnownFileType = image.jpeg; path = nssl0043.jpg; sourceTree = "<group>"; };
		13BC0ED72AC0ADB800798CCF /* nssl0034.jpg */ = {isa = PBXFileReference; lastKnownFileType = image.jpeg; path = nssl0034.jpg; sourceTree = "<group>"; };
/* End PBXFileReference section */

/* Begin PBXFrameworksBuildPhase section */
		13BC0E9E2AC0AAD100798CCF /* Frameworks */ = {
			isa = PBXFrameworksBuildPhase;
			buildActionMask = 2147483647;
			files = (
			);
			runOnlyForDeploymentPostprocessing = 0;
		};
/* End PBXFrameworksBuildPhase section */

/* Begin PBXGroup section */
		13BC0E982AC0AAD100798CCF = {
			isa = PBXGroup;
			children = (
				13BC0EA32AC0AAD100798CCF /* 022_Project3 */,
				13BC0EA22AC0AAD100798CCF /* Products */,
			);
			sourceTree = "<group>";
		};
		13BC0EA22AC0AAD100798CCF /* Products */ = {
			isa = PBXGroup;
			children = (
				13BC0EA12AC0AAD100798CCF /* 022_Project3.app */,
			);
			name = Products;
			sourceTree = "<group>";
		};
		13BC0EA32AC0AAD100798CCF /* 022_Project3 */ = {
			isa = PBXGroup;
			children = (
				13BC0EC82AC0ACFE00798CCF /* Storyboard Solution */,
				13BC0ECD2AC0AD2E00798CCF /* ViewCode Solution */,
				13BC0EA42AC0AAD100798CCF /* AppDelegate.swift */,
				13BC0EA62AC0AAD100798CCF /* SceneDelegate.swift */,
				13BC0EBE2AC0AB8200798CCF /* MainViewController.swift */,
				13BC0EAD2AC0AAD400798CCF /* Assets.xcassets */,
				13BC0EAF2AC0AAD400798CCF /* LaunchScreen.storyboard */,
				13BC0EB22AC0AAD400798CCF /* Info.plist */,
				13BC0EE22AC0ADC000798CCF /* Contents */,
			);
			path = 022_Project3;
			sourceTree = "<group>";
		};
		13BC0EC82AC0ACFE00798CCF /* Storyboard Solution */ = {
			isa = PBXGroup;
			children = (
				13BC0EC62AC0ACE800798CCF /* ViewController.swift */,
				13BC0EC42AC0ACD800798CCF /* DetailViewController.swift */,
				13BC0EC22AC0ACB100798CCF /* Main.storyboard */,
			);
			path = "Storyboard Solution";
			sourceTree = "<group>";
		};
		13BC0ECD2AC0AD2E00798CCF /* ViewCode Solution */ = {
			isa = PBXGroup;
			children = (
				13BC0EC92AC0AD2300798CCF /* DetailViewController2.swift */,
				13BC0ECA2AC0AD2300798CCF /* ViewController2.swift */,
			);
			path = "ViewCode Solution";
			sourceTree = "<group>";
		};
		13BC0EE22AC0ADC000798CCF /* Contents */ = {
			isa = PBXGroup;
			children = (
				13BC0ED22AC0ADB700798CCF /* nssl0033.jpg */,
				13BC0ED72AC0ADB800798CCF /* nssl0034.jpg */,
				13BC0ED52AC0ADB700798CCF /* nssl0041.jpg */,
				13BC0ED12AC0ADB700798CCF /* nssl0042.jpg */,
				13BC0ED62AC0ADB700798CCF /* nssl0043.jpg */,
				13BC0ECF2AC0ADB700798CCF /* nssl0045.jpg */,
				13BC0ED02AC0ADB700798CCF /* nssl0046.jpg */,
				13BC0ED32AC0ADB700798CCF /* nssl0049.jpg */,
				13BC0ECE2AC0ADB700798CCF /* nssl0051.jpg */,
				13BC0ED42AC0ADB700798CCF /* nssl0091.jpg */,
			);
			path = Contents;
			sourceTree = "<group>";
		};
/* End PBXGroup section */

/* Begin PBXNativeTarget section */
		13BC0EA02AC0AAD100798CCF /* 022_Project3 */ = {
			isa = PBXNativeTarget;
			buildConfigurationList = 13BC0EB52AC0AAD400798CCF /* Build configuration list for PBXNativeTarget "022_Project3" */;
			buildPhases = (
				13BC0E9D2AC0AAD100798CCF /* Sources */,
				13BC0E9E2AC0AAD100798CCF /* Frameworks */,
				13BC0E9F2AC0AAD100798CCF /* Resources */,
			);
			buildRules = (
			);
			dependencies = (
			);
			name = 022_Project3;
			productName = 022_Project3;
			productReference = 13BC0EA12AC0AAD100798CCF /* 022_Project3.app */;
			productType = "com.apple.product-type.application";
		};
/* End PBXNativeTarget section */

/* Begin PBXProject section */
		13BC0E992AC0AAD100798CCF /* Project object */ = {
			isa = PBXProject;
			attributes = {
				BuildIndependentTargetsInParallel = 1;
				LastSwiftUpdateCheck = 1410;
				LastUpgradeCheck = 1410;
				TargetAttributes = {
					13BC0EA02AC0AAD100798CCF = {
						CreatedOnToolsVersion = 14.1;
					};
				};
			};
			buildConfigurationList = 13BC0E9C2AC0AAD100798CCF /* Build configuration list for PBXProject "022_Project3" */;
			compatibilityVersion = "Xcode 14.0";
			developmentRegion = en;
			hasScannedForEncodings = 0;
			knownRegions = (
				en,
				Base,
			);
			mainGroup = 13BC0E982AC0AAD100798CCF;
			productRefGroup = 13BC0EA22AC0AAD100798CCF /* Products */;
			projectDirPath = "";
			projectRoot = "";
			targets = (
				13BC0EA02AC0AAD100798CCF /* 022_Project3 */,
			);
		};
/* End PBXProject section */

/* Begin PBXResourcesBuildPhase section */
		13BC0E9F2AC0AAD100798CCF /* Resources */ = {
			isa = PBXResourcesBuildPhase;
			buildActionMask = 2147483647;
			files = (
				13BC0ED92AC0ADB800798CCF /* nssl0045.jpg in Resources */,
				13BC0EDC2AC0ADB800798CCF /* nssl0033.jpg in Resources */,
				13BC0EDF2AC0ADB800798CCF /* nssl0041.jpg in Resources */,
				13BC0EDA2AC0ADB800798CCF /* nssl0046.jpg in Resources */,
				13BC0EB12AC0AAD400798CCF /* LaunchScreen.storyboard in Resources */,
				13BC0EE12AC0ADB800798CCF /* nssl0034.jpg in Resources */,
				13BC0EDD2AC0ADB800798CCF /* nssl0049.jpg in Resources */,
				13BC0EDE2AC0ADB800798CCF /* nssl0091.jpg in Resources */,
				13BC0EDB2AC0ADB800798CCF /* nssl0042.jpg in Resources */,
				13BC0ED82AC0ADB800798CCF /* nssl0051.jpg in Resources */,
				13BC0EAE2AC0AAD400798CCF /* Assets.xcassets in Resources */,
				13BC0EE02AC0ADB800798CCF /* nssl0043.jpg in Resources */,
				13BC0EC32AC0ACB100798CCF /* Main.storyboard in Resources */,
			);
			runOnlyForDeploymentPostprocessing = 0;
		};
/* End PBXResourcesBuildPhase section */

/* Begin PBXSourcesBuildPhase section */
		13BC0E9D2AC0AAD100798CCF /* Sources */ = {
			isa = PBXSourcesBuildPhase;
			buildActionMask = 2147483647;
			files = (
				13BC0ECC2AC0AD2300798CCF /* ViewController2.swift in Sources */,
				13BC0ECB2AC0AD2300798CCF /* DetailViewController2.swift in Sources */,
				13BC0EC72AC0ACE800798CCF /* ViewController.swift in Sources */,
				13BC0EA52AC0AAD100798CCF /* AppDelegate.swift in Sources */,
				13BC0EA72AC0AAD100798CCF /* SceneDelegate.swift in Sources */,
				13BC0EBF2AC0AB8200798CCF /* MainViewController.swift in Sources */,
				13BC0EC52AC0ACD800798CCF /* DetailViewController.swift in Sources */,
			);
			runOnlyForDeploymentPostprocessing = 0;
		};
/* End PBXSourcesBuildPhase section */

/* Begin PBXVariantGroup section */
		13BC0EAF2AC0AAD400798CCF /* LaunchScreen.storyboard */ = {
			isa = PBXVariantGroup;
			children = (
				13BC0EB02AC0AAD400798CCF /* Base */,
			);
			name = LaunchScreen.storyboard;
			sourceTree = "<group>";
		};
/* End PBXVariantGroup section */

/* Begin XCBuildConfiguration section */
		13BC0EB32AC0AAD400798CCF /* Debug */ = {
			isa = XCBuildConfiguration;
			buildSettings = {
				ALWAYS_SEARCH_USER_PATHS = NO;
				CLANG_ANALYZER_NONNULL = YES;
				CLANG_ANALYZER_NUMBER_OBJECT_CONVERSION = YES_AGGRESSIVE;
				CLANG_CXX_LANGUAGE_STANDARD = "gnu++20";
				CLANG_ENABLE_MODULES = YES;
				CLANG_ENABLE_OBJC_ARC = YES;
				CLANG_ENABLE_OBJC_WEAK = YES;
				CLANG_WARN_BLOCK_CAPTURE_AUTORELEASING = YES;
				CLANG_WARN_BOOL_CONVERSION = YES;
				CLANG_WARN_COMMA = YES;
				CLANG_WARN_CONSTANT_CONVERSION = YES;
				CLANG_WARN_DEPRECATED_OBJC_IMPLEMENTATIONS = YES;
				CLANG_WARN_DIRECT_OBJC_ISA_USAGE = YES_ERROR;
				CLANG_WARN_DOCUMENTATION_COMMENTS = YES;
				CLANG_WARN_EMPTY_BODY = YES;
				CLANG_WARN_ENUM_CONVERSION = YES;
				CLANG_WARN_INFINITE_RECURSION = YES;
				CLANG_WARN_INT_CONVERSION = YES;
				CLANG_WARN_NON_LITERAL_NULL_CONVERSION = YES;
				CLANG_WARN_OBJC_IMPLICIT_RETAIN_SELF = YES;
				CLANG_WARN_OBJC_LITERAL_CONVERSION = YES;
				CLANG_WARN_OBJC_ROOT_CLASS = YES_ERROR;
				CLANG_WARN_QUOTED_INCLUDE_IN_FRAMEWORK_HEADER = YES;
				CLANG_WARN_RANGE_LOOP_ANALYSIS = YES;
				CLANG_WARN_STRICT_PROTOTYPES = YES;
				CLANG_WARN_SUSPICIOUS_MOVE = YES;
				CLANG_WARN_UNGUARDED_AVAILABILITY = YES_AGGRESSIVE;
				CLANG_WARN_UNREACHABLE_CODE = YES;
				CLANG_WARN__DUPLICATE_METHOD_MATCH = YES;
				COPY_PHASE_STRIP = NO;
				DEBUG_INFORMATION_FORMAT = dwarf;
				ENABLE_STRICT_OBJC_MSGSEND = YES;
				ENABLE_TESTABILITY = YES;
				GCC_C_LANGUAGE_STANDARD = gnu11;
				GCC_DYNAMIC_NO_PIC = NO;
				GCC_NO_COMMON_BLOCKS = YES;
				GCC_OPTIMIZATION_LEVEL = 0;
				GCC_PREPROCESSOR_DEFINITIONS = (
					"DEBUG=1",
					"$(inherited)",
				);
				GCC_WARN_64_TO_32_BIT_CONVERSION = YES;
				GCC_WARN_ABOUT_RETURN_TYPE = YES_ERROR;
				GCC_WARN_UNDECLARED_SELECTOR = YES;
				GCC_WARN_UNINITIALIZED_AUTOS = YES_AGGRESSIVE;
				GCC_WARN_UNUSED_FUNCTION = YES;
				GCC_WARN_UNUSED_VARIABLE = YES;
				IPHONEOS_DEPLOYMENT_TARGET = 16.1;
				MTL_ENABLE_DEBUG_INFO = INCLUDE_SOURCE;
				MTL_FAST_MATH = YES;
				ONLY_ACTIVE_ARCH = YES;
				SDKROOT = iphoneos;
				SWIFT_ACTIVE_COMPILATION_CONDITIONS = DEBUG;
				SWIFT_OPTIMIZATION_LEVEL = "-Onone";
			};
			name = Debug;
		};
		13BC0EB42AC0AAD400798CCF /* Release */ = {
			isa = XCBuildConfiguration;
			buildSettings = {
				ALWAYS_SEARCH_USER_PATHS = NO;
				CLANG_ANALYZER_NONNULL = YES;
				CLANG_ANALYZER_NUMBER_OBJECT_CONVERSION = YES_AGGRESSIVE;
				CLANG_CXX_LANGUAGE_STANDARD = "gnu++20";
				CLANG_ENABLE_MODULES = YES;
				CLANG_ENABLE_OBJC_ARC = YES;
				CLANG_ENABLE_OBJC_WEAK = YES;
				CLANG_WARN_BLOCK_CAPTURE_AUTORELEASING = YES;
				CLANG_WARN_BOOL_CONVERSION = YES;
				CLANG_WARN_COMMA = YES;
				CLANG_WARN_CONSTANT_CONVERSION = YES;
				CLANG_WARN_DEPRECATED_OBJC_IMPLEMENTATIONS = YES;
				CLANG_WARN_DIRECT_OBJC_ISA_USAGE = YES_ERROR;
				CLANG_WARN_DOCUMENTATION_COMMENTS = YES;
				CLANG_WARN_EMPTY_BODY = YES;
				CLANG_WARN_ENUM_CONVERSION = YES;
				CLANG_WARN_INFINITE_RECURSION = YES;
				CLANG_WARN_INT_CONVERSION = YES;
				CLANG_WARN_NON_LITERAL_NULL_CONVERSION = YES;
				CLANG_WARN_OBJC_IMPLICIT_RETAIN_SELF = YES;
				CLANG_WARN_OBJC_LITERAL_CONVERSION = YES;
				CLANG_WARN_OBJC_ROOT_CLASS = YES_ERROR;
				CLANG_WARN_QUOTED_INCLUDE_IN_FRAMEWORK_HEADER = YES;
				CLANG_WARN_RANGE_LOOP_ANALYSIS = YES;
				CLANG_WARN_STRICT_PROTOTYPES = YES;
				CLANG_WARN_SUSPICIOUS_MOVE = YES;
				CLANG_WARN_UNGUARDED_AVAILABILITY = YES_AGGRESSIVE;
				CLANG_WARN_UNREACHABLE_CODE = YES;
				CLANG_WARN__DUPLICATE_METHOD_MATCH = YES;
				COPY_PHASE_STRIP = NO;
				DEBUG_INFORMATION_FORMAT = "dwarf-with-dsym";
				ENABLE_NS_ASSERTIONS = NO;
				ENABLE_STRICT_OBJC_MSGSEND = YES;
				GCC_C_LANGUAGE_STANDARD = gnu11;
				GCC_NO_COMMON_BLOCKS = YES;
				GCC_WARN_64_TO_32_BIT_CONVERSION = YES;
				GCC_WARN_ABOUT_RETURN_TYPE = YES_ERROR;
				GCC_WARN_UNDECLARED_SELECTOR = YES;
				GCC_WARN_UNINITIALIZED_AUTOS = YES_AGGRESSIVE;
				GCC_WARN_UNUSED_FUNCTION = YES;
				GCC_WARN_UNUSED_VARIABLE = YES;
				IPHONEOS_DEPLOYMENT_TARGET = 16.1;
				MTL_ENABLE_DEBUG_INFO = NO;
				MTL_FAST_MATH = YES;
				SDKROOT = iphoneos;
				SWIFT_COMPILATION_MODE = wholemodule;
				SWIFT_OPTIMIZATION_LEVEL = "-O";
				VALIDATE_PRODUCT = YES;
			};
			name = Release;
		};
		13BC0EB62AC0AAD400798CCF /* Debug */ = {
			isa = XCBuildConfiguration;
			buildSettings = {
				ASSETCATALOG_COMPILER_APPICON_NAME = AppIcon;
				ASSETCATALOG_COMPILER_GLOBAL_ACCENT_COLOR_NAME = AccentColor;
				CODE_SIGN_STYLE = Automatic;
				CURRENT_PROJECT_VERSION = 1;
				DEVELOPMENT_TEAM = 4GPJTSH854;
				GENERATE_INFOPLIST_FILE = YES;
				INFOPLIST_FILE = 022_Project3/Info.plist;
				INFOPLIST_KEY_UIApplicationSupportsIndirectInputEvents = YES;
				INFOPLIST_KEY_UILaunchStoryboardName = LaunchScreen;
				INFOPLIST_KEY_UIMainStoryboardFile = Main;
				INFOPLIST_KEY_UISupportedInterfaceOrientations_iPad = "UIInterfaceOrientationPortrait UIInterfaceOrientationPortraitUpsideDown UIInterfaceOrientationLandscapeLeft UIInterfaceOrientationLandscapeRight";
				INFOPLIST_KEY_UISupportedInterfaceOrientations_iPhone = "UIInterfaceOrientationPortrait UIInterfaceOrientationLandscapeLeft UIInterfaceOrientationLandscapeRight";
				LD_RUNPATH_SEARCH_PATHS = (
					"$(inherited)",
					"@executable_path/Frameworks",
				);
				MARKETING_VERSION = 1.0;
				PRODUCT_BUNDLE_IDENTIFIER = "com.hackingwithswift.-22-Project3";
				PRODUCT_NAME = "$(TARGET_NAME)";
				SWIFT_EMIT_LOC_STRINGS = YES;
				SWIFT_VERSION = 5.0;
				TARGETED_DEVICE_FAMILY = "1,2";
			};
			name = Debug;
		};
		13BC0EB72AC0AAD400798CCF /* Release */ = {
			isa = XCBuildConfiguration;
			buildSettings = {
				ASSETCATALOG_COMPILER_APPICON_NAME = AppIcon;
				ASSETCATALOG_COMPILER_GLOBAL_ACCENT_COLOR_NAME = AccentColor;
				CODE_SIGN_STYLE = Automatic;
				CURRENT_PROJECT_VERSION = 1;
				DEVELOPMENT_TEAM = 4GPJTSH854;
				GENERATE_INFOPLIST_FILE = YES;
				INFOPLIST_FILE = 022_Project3/Info.plist;
				INFOPLIST_KEY_UIApplicationSupportsIndirectInputEvents = YES;
				INFOPLIST_KEY_UILaunchStoryboardName = LaunchScreen;
				INFOPLIST_KEY_UIMainStoryboardFile = Main;
				INFOPLIST_KEY_UISupportedInterfaceOrientations_iPad = "UIInterfaceOrientationPortrait UIInterfaceOrientationPortraitUpsideDown UIInterfaceOrientationLandscapeLeft UIInterfaceOrientationLandscapeRight";
				INFOPLIST_KEY_UISupportedInterfaceOrientations_iPhone = "UIInterfaceOrientationPortrait UIInterfaceOrientationLandscapeLeft UIInterfaceOrientationLandscapeRight";
				LD_RUNPATH_SEARCH_PATHS = (
					"$(inherited)",
					"@executable_path/Frameworks",
				);
				MARKETING_VERSION = 1.0;
				PRODUCT_BUNDLE_IDENTIFIER = "com.hackingwithswift.-22-Project3";
				PRODUCT_NAME = "$(TARGET_NAME)";
				SWIFT_EMIT_LOC_STRINGS = YES;
				SWIFT_VERSION = 5.0;
				TARGETED_DEVICE_FAMILY = "1,2";
			};
			name = Release;
		};
/* End XCBuildConfiguration section */

/* Begin XCConfigurationList section */
		13BC0E9C2AC0AAD100798CCF /* Build configuration list for PBXProject "022_Project3" */ = {
			isa = XCConfigurationList;
			buildConfigurations = (
				13BC0EB32AC0AAD400798CCF /* Debug */,
				13BC0EB42AC0AAD400798CCF /* Release */,
			);
			defaultConfigurationIsVisible = 0;
			defaultConfigurationName = Release;
		};
		13BC0EB52AC0AAD400798CCF /* Build configuration list for PBXNativeTarget "022_Project3" */ = {
			isa = XCConfigurationList;
			buildConfigurations = (
				13BC0EB62AC0AAD400798CCF /* Debug */,
				13BC0EB72AC0AAD400798CCF /* Release */,
			);
			defaultConfigurationIsVisible = 0;
			defaultConfigurationName = Release;
		};
/* End XCConfigurationList section */
	};
	rootObject = 13BC0E992AC0AAD100798CCF /* Project object */;
}
