// !$*UTF8*$!
{
	archiveVersion = 1;
	classes = {
	};
	objectVersion = 56;
	objects = {

/* Begin PBXBuildFile section */
		13B843202ABCFD0E000FD893 /* AppDelegate.swift in Sources */ = {isa = PBXBuildFile; fileRef = 13B8431F2ABCFD0E000FD893 /* AppDelegate.swift */; };
		13B843222ABCFD0E000FD893 /* SceneDelegate.swift in Sources */ = {isa = PBXBuildFile; fileRef = 13B843212ABCFD0E000FD893 /* SceneDelegate.swift */; };
		13B843242ABCFD0E000FD893 /* ViewController.swift in Sources */ = {isa = PBXBuildFile; fileRef = 13B843232ABCFD0E000FD893 /* ViewController.swift */; };
		13B843272ABCFD0E000FD893 /* Main.storyboard in Resources */ = {isa = PBXBuildFile; fileRef = 13B843252ABCFD0E000FD893 /* Main.storyboard */; };
		13B843292ABCFD0F000FD893 /* Assets.xcassets in Resources */ = {isa = PBXBuildFile; fileRef = 13B843282ABCFD0F000FD893 /* Assets.xcassets */; };
		13B8432C2ABCFD0F000FD893 /* LaunchScreen.storyboard in Resources */ = {isa = PBXBuildFile; fileRef = 13B8432A2ABCFD0F000FD893 /* LaunchScreen.storyboard */; };
		13B843362ABCFE43000FD893 /* MainViewController.swift in Sources */ = {isa = PBXBuildFile; fileRef = 13B843352ABCFE43000FD893 /* MainViewController.swift */; };
		13B8433A2ABDA2F0000FD893 /* ViewController2.swift in Sources */ = {isa = PBXBuildFile; fileRef = 13B843392ABDA2F0000FD893 /* ViewController2.swift */; };
		D11D88942BB761FB00B0853A /* HighestScoreUseCase.swift in Sources */ = {isa = PBXBuildFile; fileRef = D11D88932BB761FB00B0853A /* HighestScoreUseCase.swift */; };
/* End PBXBuildFile section */

/* Begin PBXFileReference section */
		13B8431C2ABCFD0E000FD893 /* 019_to_021_Project2.app */ = {isa = PBXFileReference; explicitFileType = wrapper.application; includeInIndex = 0; path = 019_to_021_Project2.app; sourceTree = BUILT_PRODUCTS_DIR; };
		13B8431F2ABCFD0E000FD893 /* AppDelegate.swift */ = {isa = PBXFileReference; lastKnownFileType = sourcecode.swift; path = AppDelegate.swift; sourceTree = "<group>"; };
		13B843212ABCFD0E000FD893 /* SceneDelegate.swift */ = {isa = PBXFileReference; lastKnownFileType = sourcecode.swift; path = SceneDelegate.swift; sourceTree = "<group>"; };
		13B843232ABCFD0E000FD893 /* ViewController.swift */ = {isa = PBXFileReference; lastKnownFileType = sourcecode.swift; path = ViewController.swift; sourceTree = "<group>"; };
		13B843262ABCFD0E000FD893 /* Base */ = {isa = PBXFileReference; lastKnownFileType = file.storyboard; name = Base; path = Base.lproj/Main.storyboard; sourceTree = "<group>"; };
		13B843282ABCFD0F000FD893 /* Assets.xcassets */ = {isa = PBXFileReference; lastKnownFileType = folder.assetcatalog; path = Assets.xcassets; sourceTree = "<group>"; };
		13B8432B2ABCFD0F000FD893 /* Base */ = {isa = PBXFileReference; lastKnownFileType = file.storyboard; name = Base; path = Base.lproj/LaunchScreen.storyboard; sourceTree = "<group>"; };
		13B8432D2ABCFD0F000FD893 /* Info.plist */ = {isa = PBXFileReference; lastKnownFileType = text.plist.xml; path = Info.plist; sourceTree = "<group>"; };
		13B843352ABCFE43000FD893 /* MainViewController.swift */ = {isa = PBXFileReference; fileEncoding = 4; lastKnownFileType = sourcecode.swift; path = MainViewController.swift; sourceTree = "<group>"; };
		13B843392ABDA2F0000FD893 /* ViewController2.swift */ = {isa = PBXFileReference; lastKnownFileType = sourcecode.swift; path = ViewController2.swift; sourceTree = "<group>"; };
		D11D88932BB761FB00B0853A /* HighestScoreUseCase.swift */ = {isa = PBXFileReference; lastKnownFileType = sourcecode.swift; path = HighestScoreUseCase.swift; sourceTree = "<group>"; };
/* End PBXFileReference section */

/* Begin PBXFrameworksBuildPhase section */
		13B843192ABCFD0E000FD893 /* Frameworks */ = {
			isa = PBXFrameworksBuildPhase;
			buildActionMask = 2147483647;
			files = (
			);
			runOnlyForDeploymentPostprocessing = 0;
		};
/* End PBXFrameworksBuildPhase section */

/* Begin PBXGroup section */
		13B843132ABCFD0D000FD893 = {
			isa = PBXGroup;
			children = (
				13B8431E2ABCFD0E000FD893 /* 019_to_021_Project2 */,
				13B8431D2ABCFD0E000FD893 /* Products */,
			);
			sourceTree = "<group>";
		};
		13B8431D2ABCFD0E000FD893 /* Products */ = {
			isa = PBXGroup;
			children = (
				13B8431C2ABCFD0E000FD893 /* 019_to_021_Project2.app */,
			);
			name = Products;
			sourceTree = "<group>";
		};
		13B8431E2ABCFD0E000FD893 /* 019_to_021_Project2 */ = {
			isa = PBXGroup;
			children = (
				13B8431F2ABCFD0E000FD893 /* AppDelegate.swift */,
				13B843212ABCFD0E000FD893 /* SceneDelegate.swift */,
				D11D88932BB761FB00B0853A /* HighestScoreUseCase.swift */,
				13B843382ABD0001000FD893 /* ViewCode solution */,
				13B843372ABCFEE5000FD893 /* Storyboard solution */,
				13B843352ABCFE43000FD893 /* MainViewController.swift */,
				13B843282ABCFD0F000FD893 /* Assets.xcassets */,
				13B8432A2ABCFD0F000FD893 /* LaunchScreen.storyboard */,
				13B8432D2ABCFD0F000FD893 /* Info.plist */,
			);
			path = 019_to_021_Project2;
			sourceTree = "<group>";
		};
		13B843372ABCFEE5000FD893 /* Storyboard solution */ = {
			isa = PBXGroup;
			children = (
				13B843232ABCFD0E000FD893 /* ViewController.swift */,
				13B843252ABCFD0E000FD893 /* Main.storyboard */,
			);
			path = "Storyboard solution";
			sourceTree = "<group>";
		};
		13B843382ABD0001000FD893 /* ViewCode solution */ = {
			isa = PBXGroup;
			children = (
				13B843392ABDA2F0000FD893 /* ViewController2.swift */,
			);
			path = "ViewCode solution";
			sourceTree = "<group>";
		};
/* End PBXGroup section */

/* Begin PBXNativeTarget section */
		13B8431B2ABCFD0E000FD893 /* 019_to_021_Project2 */ = {
			isa = PBXNativeTarget;
			buildConfigurationList = 13B843302ABCFD0F000FD893 /* Build configuration list for PBXNativeTarget "019_to_021_Project2" */;
			buildPhases = (
				13B843182ABCFD0E000FD893 /* Sources */,
				13B843192ABCFD0E000FD893 /* Frameworks */,
				13B8431A2ABCFD0E000FD893 /* Resources */,
			);
			buildRules = (
			);
			dependencies = (
			);
			name = 019_to_021_Project2;
			productName = 019_to_021_Project2;
			productReference = 13B8431C2ABCFD0E000FD893 /* 019_to_021_Project2.app */;
			productType = "com.apple.product-type.application";
		};
/* End PBXNativeTarget section */

/* Begin PBXProject section */
		13B843142ABCFD0D000FD893 /* Project object */ = {
			isa = PBXProject;
			attributes = {
				BuildIndependentTargetsInParallel = 1;
				LastSwiftUpdateCheck = 1410;
				LastUpgradeCheck = 1410;
				TargetAttributes = {
					13B8431B2ABCFD0E000FD893 = {
						CreatedOnToolsVersion = 14.1;
					};
				};
			};
			buildConfigurationList = 13B843172ABCFD0D000FD893 /* Build configuration list for PBXProject "019_to_021_Project2" */;
			compatibilityVersion = "Xcode 14.0";
			developmentRegion = en;
			hasScannedForEncodings = 0;
			knownRegions = (
				en,
				Base,
			);
			mainGroup = 13B843132ABCFD0D000FD893;
			productRefGroup = 13B8431D2ABCFD0E000FD893 /* Products */;
			projectDirPath = "";
			projectRoot = "";
			targets = (
				13B8431B2ABCFD0E000FD893 /* 019_to_021_Project2 */,
			);
		};
/* End PBXProject section */

/* Begin PBXResourcesBuildPhase section */
		13B8431A2ABCFD0E000FD893 /* Resources */ = {
			isa = PBXResourcesBuildPhase;
			buildActionMask = 2147483647;
			files = (
				13B8432C2ABCFD0F000FD893 /* LaunchScreen.storyboard in Resources */,
				13B843292ABCFD0F000FD893 /* Assets.xcassets in Resources */,
				13B843272ABCFD0E000FD893 /* Main.storyboard in Resources */,
			);
			runOnlyForDeploymentPostprocessing = 0;
		};
/* End PBXResourcesBuildPhase section */

/* Begin PBXSourcesBuildPhase section */
		13B843182ABCFD0E000FD893 /* Sources */ = {
			isa = PBXSourcesBuildPhase;
			buildActionMask = 2147483647;
			files = (
				13B8433A2ABDA2F0000FD893 /* ViewController2.swift in Sources */,
				13B843242ABCFD0E000FD893 /* ViewController.swift in Sources */,
				13B843202ABCFD0E000FD893 /* AppDelegate.swift in Sources */,
				13B843222ABCFD0E000FD893 /* SceneDelegate.swift in Sources */,
				13B843362ABCFE43000FD893 /* MainViewController.swift in Sources */,
				D11D88942BB761FB00B0853A /* HighestScoreUseCase.swift in Sources */,
			);
			runOnlyForDeploymentPostprocessing = 0;
		};
/* End PBXSourcesBuildPhase section */

/* Begin PBXVariantGroup section */
		13B843252ABCFD0E000FD893 /* Main.storyboard */ = {
			isa = PBXVariantGroup;
			children = (
				13B843262ABCFD0E000FD893 /* Base */,
			);
			name = Main.storyboard;
			sourceTree = "<group>";
		};
		13B8432A2ABCFD0F000FD893 /* LaunchScreen.storyboard */ = {
			isa = PBXVariantGroup;
			children = (
				13B8432B2ABCFD0F000FD893 /* Base */,
			);
			name = LaunchScreen.storyboard;
			sourceTree = "<group>";
		};
/* End PBXVariantGroup section */

/* Begin XCBuildConfiguration section */
		13B8432E2ABCFD0F000FD893 /* Debug */ = {
			isa = XCBuildConfiguration;
			buildSettings = {
				ALWAYS_SEARCH_USER_PATHS = NO;
				CLANG_ANALYZER_NONNULL = YES;
				CLANG_ANALYZER_NUMBER_OBJECT_CONVERSION = YES_AGGRESSIVE;
				CLANG_CXX_LANGUAGE_STANDARD = "gnu++20";
				CLANG_ENABLE_MODULES = YES;
				CLANG_ENABLE_OBJC_ARC = YES;
				CLANG_ENABLE_OBJC_WEAK = YES;
				CLANG_WARN_BLOCK_CAPTURE_AUTORELEASING = YES;
				CLANG_WARN_BOOL_CONVERSION = YES;
				CLANG_WARN_COMMA = YES;
				CLANG_WARN_CONSTANT_CONVERSION = YES;
				CLANG_WARN_DEPRECATED_OBJC_IMPLEMENTATIONS = YES;
				CLANG_WARN_DIRECT_OBJC_ISA_USAGE = YES_ERROR;
				CLANG_WARN_DOCUMENTATION_COMMENTS = YES;
				CLANG_WARN_EMPTY_BODY = YES;
				CLANG_WARN_ENUM_CONVERSION = YES;
				CLANG_WARN_INFINITE_RECURSION = YES;
				CLANG_WARN_INT_CONVERSION = YES;
				CLANG_WARN_NON_LITERAL_NULL_CONVERSION = YES;
				CLANG_WARN_OBJC_IMPLICIT_RETAIN_SELF = YES;
				CLANG_WARN_OBJC_LITERAL_CONVERSION = YES;
				CLANG_WARN_OBJC_ROOT_CLASS = YES_ERROR;
				CLANG_WARN_QUOTED_INCLUDE_IN_FRAMEWORK_HEADER = YES;
				CLANG_WARN_RANGE_LOOP_ANALYSIS = YES;
				CLANG_WARN_STRICT_PROTOTYPES = YES;
				CLANG_WARN_SUSPICIOUS_MOVE = YES;
				CLANG_WARN_UNGUARDED_AVAILABILITY = YES_AGGRESSIVE;
				CLANG_WARN_UNREACHABLE_CODE = YES;
				CLANG_WARN__DUPLICATE_METHOD_MATCH = YES;
				COPY_PHASE_STRIP = NO;
				DEBUG_INFORMATION_FORMAT = dwarf;
				ENABLE_STRICT_OBJC_MSGSEND = YES;
				ENABLE_TESTABILITY = YES;
				GCC_C_LANGUAGE_STANDARD = gnu11;
				GCC_DYNAMIC_NO_PIC = NO;
				GCC_NO_COMMON_BLOCKS = YES;
				GCC_OPTIMIZATION_LEVEL = 0;
				GCC_PREPROCESSOR_DEFINITIONS = (
					"DEBUG=1",
					"$(inherited)",
				);
				GCC_WARN_64_TO_32_BIT_CONVERSION = YES;
				GCC_WARN_ABOUT_RETURN_TYPE = YES_ERROR;
				GCC_WARN_UNDECLARED_SELECTOR = YES;
				GCC_WARN_UNINITIALIZED_AUTOS = YES_AGGRESSIVE;
				GCC_WARN_UNUSED_FUNCTION = YES;
				GCC_WARN_UNUSED_VARIABLE = YES;
				IPHONEOS_DEPLOYMENT_TARGET = 16.1;
				MTL_ENABLE_DEBUG_INFO = INCLUDE_SOURCE;
				MTL_FAST_MATH = YES;
				ONLY_ACTIVE_ARCH = YES;
				SDKROOT = iphoneos;
				SWIFT_ACTIVE_COMPILATION_CONDITIONS = DEBUG;
				SWIFT_OPTIMIZATION_LEVEL = "-Onone";
			};
			name = Debug;
		};
		13B8432F2ABCFD0F000FD893 /* Release */ = {
			isa = XCBuildConfiguration;
			buildSettings = {
				ALWAYS_SEARCH_USER_PATHS = NO;
				CLANG_ANALYZER_NONNULL = YES;
				CLANG_ANALYZER_NUMBER_OBJECT_CONVERSION = YES_AGGRESSIVE;
				CLANG_CXX_LANGUAGE_STANDARD = "gnu++20";
				CLANG_ENABLE_MODULES = YES;
				CLANG_ENABLE_OBJC_ARC = YES;
				CLANG_ENABLE_OBJC_WEAK = YES;
				CLANG_WARN_BLOCK_CAPTURE_AUTORELEASING = YES;
				CLANG_WARN_BOOL_CONVERSION = YES;
				CLANG_WARN_COMMA = YES;
				CLANG_WARN_CONSTANT_CONVERSION = YES;
				CLANG_WARN_DEPRECATED_OBJC_IMPLEMENTATIONS = YES;
				CLANG_WARN_DIRECT_OBJC_ISA_USAGE = YES_ERROR;
				CLANG_WARN_DOCUMENTATION_COMMENTS = YES;
				CLANG_WARN_EMPTY_BODY = YES;
				CLANG_WARN_ENUM_CONVERSION = YES;
				CLANG_WARN_INFINITE_RECURSION = YES;
				CLANG_WARN_INT_CONVERSION = YES;
				CLANG_WARN_NON_LITERAL_NULL_CONVERSION = YES;
				CLANG_WARN_OBJC_IMPLICIT_RETAIN_SELF = YES;
				CLANG_WARN_OBJC_LITERAL_CONVERSION = YES;
				CLANG_WARN_OBJC_ROOT_CLASS = YES_ERROR;
				CLANG_WARN_QUOTED_INCLUDE_IN_FRAMEWORK_HEADER = YES;
				CLANG_WARN_RANGE_LOOP_ANALYSIS = YES;
				CLANG_WARN_STRICT_PROTOTYPES = YES;
				CLANG_WARN_SUSPICIOUS_MOVE = YES;
				CLANG_WARN_UNGUARDED_AVAILABILITY = YES_AGGRESSIVE;
				CLANG_WARN_UNREACHABLE_CODE = YES;
				CLANG_WARN__DUPLICATE_METHOD_MATCH = YES;
				COPY_PHASE_STRIP = NO;
				DEBUG_INFORMATION_FORMAT = "dwarf-with-dsym";
				ENABLE_NS_ASSERTIONS = NO;
				ENABLE_STRICT_OBJC_MSGSEND = YES;
				GCC_C_LANGUAGE_STANDARD = gnu11;
				GCC_NO_COMMON_BLOCKS = YES;
				GCC_WARN_64_TO_32_BIT_CONVERSION = YES;
				GCC_WARN_ABOUT_RETURN_TYPE = YES_ERROR;
				GCC_WARN_UNDECLARED_SELECTOR = YES;
				GCC_WARN_UNINITIALIZED_AUTOS = YES_AGGRESSIVE;
				GCC_WARN_UNUSED_FUNCTION = YES;
				GCC_WARN_UNUSED_VARIABLE = YES;
				IPHONEOS_DEPLOYMENT_TARGET = 16.1;
				MTL_ENABLE_DEBUG_INFO = NO;
				MTL_FAST_MATH = YES;
				SDKROOT = iphoneos;
				SWIFT_COMPILATION_MODE = wholemodule;
				SWIFT_OPTIMIZATION_LEVEL = "-O";
				VALIDATE_PRODUCT = YES;
			};
			name = Release;
		};
		13B843312ABCFD0F000FD893 /* Debug */ = {
			isa = XCBuildConfiguration;
			buildSettings = {
				ASSETCATALOG_COMPILER_APPICON_NAME = AppIcon;
				ASSETCATALOG_COMPILER_GLOBAL_ACCENT_COLOR_NAME = AccentColor;
				CODE_SIGN_STYLE = Automatic;
				CURRENT_PROJECT_VERSION = 1;
				DEVELOPMENT_TEAM = 4GPJTSH854;
				GENERATE_INFOPLIST_FILE = YES;
				INFOPLIST_FILE = 019_to_021_Project2/Info.plist;
				INFOPLIST_KEY_UIApplicationSupportsIndirectInputEvents = YES;
				INFOPLIST_KEY_UILaunchStoryboardName = LaunchScreen;
				INFOPLIST_KEY_UIMainStoryboardFile = Main;
				INFOPLIST_KEY_UISupportedInterfaceOrientations_iPad = "UIInterfaceOrientationPortrait UIInterfaceOrientationPortraitUpsideDown UIInterfaceOrientationLandscapeLeft UIInterfaceOrientationLandscapeRight";
				INFOPLIST_KEY_UISupportedInterfaceOrientations_iPhone = "UIInterfaceOrientationPortrait UIInterfaceOrientationLandscapeLeft UIInterfaceOrientationLandscapeRight";
				LD_RUNPATH_SEARCH_PATHS = (
					"$(inherited)",
					"@executable_path/Frameworks",
				);
				MARKETING_VERSION = 1.0;
				PRODUCT_BUNDLE_IDENTIFIER = "com.hackingwithswift.-19-to-021-Project2";
				PRODUCT_NAME = "$(TARGET_NAME)";
				SWIFT_EMIT_LOC_STRINGS = YES;
				SWIFT_VERSION = 5.0;
				TARGETED_DEVICE_FAMILY = "1,2";
			};
			name = Debug;
		};
		13B843322ABCFD0F000FD893 /* Release */ = {
			isa = XCBuildConfiguration;
			buildSettings = {
				ASSETCATALOG_COMPILER_APPICON_NAME = AppIcon;
				ASSETCATALOG_COMPILER_GLOBAL_ACCENT_COLOR_NAME = AccentColor;
				CODE_SIGN_STYLE = Automatic;
				CURRENT_PROJECT_VERSION = 1;
				DEVELOPMENT_TEAM = 4GPJTSH854;
				GENERATE_INFOPLIST_FILE = YES;
				INFOPLIST_FILE = 019_to_021_Project2/Info.plist;
				INFOPLIST_KEY_UIApplicationSupportsIndirectInputEvents = YES;
				INFOPLIST_KEY_UILaunchStoryboardName = LaunchScreen;
				INFOPLIST_KEY_UIMainStoryboardFile = Main;
				INFOPLIST_KEY_UISupportedInterfaceOrientations_iPad = "UIInterfaceOrientationPortrait UIInterfaceOrientationPortraitUpsideDown UIInterfaceOrientationLandscapeLeft UIInterfaceOrientationLandscapeRight";
				INFOPLIST_KEY_UISupportedInterfaceOrientations_iPhone = "UIInterfaceOrientationPortrait UIInterfaceOrientationLandscapeLeft UIInterfaceOrientationLandscapeRight";
				LD_RUNPATH_SEARCH_PATHS = (
					"$(inherited)",
					"@executable_path/Frameworks",
				);
				MARKETING_VERSION = 1.0;
				PRODUCT_BUNDLE_IDENTIFIER = "com.hackingwithswift.-19-to-021-Project2";
				PRODUCT_NAME = "$(TARGET_NAME)";
				SWIFT_EMIT_LOC_STRINGS = YES;
				SWIFT_VERSION = 5.0;
				TARGETED_DEVICE_FAMILY = "1,2";
			};
			name = Release;
		};
/* End XCBuildConfiguration section */

/* Begin XCConfigurationList section */
		13B843172ABCFD0D000FD893 /* Build configuration list for PBXProject "019_to_021_Project2" */ = {
			isa = XCConfigurationList;
			buildConfigurations = (
				13B8432E2ABCFD0F000FD893 /* Debug */,
				13B8432F2ABCFD0F000FD893 /* Release */,
			);
			defaultConfigurationIsVisible = 0;
			defaultConfigurationName = Release;
		};
		13B843302ABCFD0F000FD893 /* Build configuration list for PBXNativeTarget "019_to_021_Project2" */ = {
			isa = XCConfigurationList;
			buildConfigurations = (
				13B843312ABCFD0F000FD893 /* Debug */,
				13B843322ABCFD0F000FD893 /* Release */,
			);
			defaultConfigurationIsVisible = 0;
			defaultConfigurationName = Release;
		};
/* End XCConfigurationList section */
	};
	rootObject = 13B843142ABCFD0D000FD893 /* Project object */;
}
