// !$*UTF8*$!
{
	archiveVersion = 1;
	classes = {
	};
	objectVersion = 56;
	objects = {

/* Begin PBXBuildFile section */
		1302E6E72AB862DE005904DA /* AppDelegate.swift in Sources */ = {isa = PBXBuildFile; fileRef = 1302E6E62AB862DE005904DA /* AppDelegate.swift */; };
		1302E6E92AB862DE005904DA /* SceneDelegate.swift in Sources */ = {isa = PBXBuildFile; fileRef = 1302E6E82AB862DE005904DA /* SceneDelegate.swift */; };
		1302E6EB2AB862DE005904DA /* ViewController.swift in Sources */ = {isa = PBXBuildFile; fileRef = 1302E6EA2AB862DE005904DA /* ViewController.swift */; };
		1302E6EE2AB862DE005904DA /* Main.storyboard in Resources */ = {isa = PBXBuildFile; fileRef = 1302E6EC2AB862DE005904DA /* Main.storyboard */; };
		1302E6F02AB862E1005904DA /* Assets.xcassets in Resources */ = {isa = PBXBuildFile; fileRef = 1302E6EF2AB862E1005904DA /* Assets.xcassets */; };
		1302E6F32AB862E1005904DA /* LaunchScreen.storyboard in Resources */ = {isa = PBXBuildFile; fileRef = 1302E6F12AB862E1005904DA /* LaunchScreen.storyboard */; };
		1302E7052AB863E6005904DA /* nssl0049.jpg in Resources */ = {isa = PBXBuildFile; fileRef = 1302E6FB2AB863E5005904DA /* nssl0049.jpg */; };
		1302E7062AB863E6005904DA /* nssl0046.jpg in Resources */ = {isa = PBXBuildFile; fileRef = 1302E6FC2AB863E5005904DA /* nssl0046.jpg */; };
		1302E7072AB863E6005904DA /* nssl0091.jpg in Resources */ = {isa = PBXBuildFile; fileRef = 1302E6FD2AB863E5005904DA /* nssl0091.jpg */; };
		1302E7082AB863E6005904DA /* nssl0045.jpg in Resources */ = {isa = PBXBuildFile; fileRef = 1302E6FE2AB863E5005904DA /* nssl0045.jpg */; };
		1302E7092AB863E6005904DA /* nssl0051.jpg in Resources */ = {isa = PBXBuildFile; fileRef = 1302E6FF2AB863E5005904DA /* nssl0051.jpg */; };
		1302E70A2AB863E6005904DA /* nssl0041.jpg in Resources */ = {isa = PBXBuildFile; fileRef = 1302E7002AB863E5005904DA /* nssl0041.jpg */; };
		1302E70B2AB863E6005904DA /* nssl0042.jpg in Resources */ = {isa = PBXBuildFile; fileRef = 1302E7012AB863E5005904DA /* nssl0042.jpg */; };
		1302E70C2AB863E6005904DA /* nssl0043.jpg in Resources */ = {isa = PBXBuildFile; fileRef = 1302E7022AB863E5005904DA /* nssl0043.jpg */; };
		1302E70D2AB863E6005904DA /* nssl0033.jpg in Resources */ = {isa = PBXBuildFile; fileRef = 1302E7032AB863E5005904DA /* nssl0033.jpg */; };
		1302E70E2AB863E6005904DA /* nssl0034.jpg in Resources */ = {isa = PBXBuildFile; fileRef = 1302E7042AB863E5005904DA /* nssl0034.jpg */; };
		1302E7102AB86506005904DA /* MainViewController.swift in Sources */ = {isa = PBXBuildFile; fileRef = 1302E70F2AB86506005904DA /* MainViewController.swift */; };
		1302E7122AB894DC005904DA /* ViewController2.swift in Sources */ = {isa = PBXBuildFile; fileRef = 1302E7112AB894DC005904DA /* ViewController2.swift */; };
		130A94862AB99FCF00824130 /* DetailViewController.swift in Sources */ = {isa = PBXBuildFile; fileRef = 130A94852AB99FCF00824130 /* DetailViewController.swift */; };
		130A94892AB9A0B800824130 /* DetailViewController2.swift in Sources */ = {isa = PBXBuildFile; fileRef = 130A94882AB9A0B800824130 /* DetailViewController2.swift */; };
/* End PBXBuildFile section */

/* Begin PBXFileReference section */
		1302E6E32AB862DE005904DA /* 016_to_018_Project1.app */ = {isa = PBXFileReference; explicitFileType = wrapper.application; includeInIndex = 0; path = 016_to_018_Project1.app; sourceTree = BUILT_PRODUCTS_DIR; };
		1302E6E62AB862DE005904DA /* AppDelegate.swift */ = {isa = PBXFileReference; lastKnownFileType = sourcecode.swift; path = AppDelegate.swift; sourceTree = "<group>"; };
		1302E6E82AB862DE005904DA /* SceneDelegate.swift */ = {isa = PBXFileReference; lastKnownFileType = sourcecode.swift; path = SceneDelegate.swift; sourceTree = "<group>"; };
		1302E6EA2AB862DE005904DA /* ViewController.swift */ = {isa = PBXFileReference; lastKnownFileType = sourcecode.swift; path = ViewController.swift; sourceTree = "<group>"; };
		1302E6ED2AB862DE005904DA /* Base */ = {isa = PBXFileReference; lastKnownFileType = file.storyboard; name = Base; path = Base.lproj/Main.storyboard; sourceTree = "<group>"; };
		1302E6EF2AB862E1005904DA /* Assets.xcassets */ = {isa = PBXFileReference; lastKnownFileType = folder.assetcatalog; path = Assets.xcassets; sourceTree = "<group>"; };
		1302E6F22AB862E1005904DA /* Base */ = {isa = PBXFileReference; lastKnownFileType = file.storyboard; name = Base; path = Base.lproj/LaunchScreen.storyboard; sourceTree = "<group>"; };
		1302E6F42AB862E1005904DA /* Info.plist */ = {isa = PBXFileReference; lastKnownFileType = text.plist.xml; path = Info.plist; sourceTree = "<group>"; };
		1302E6FB2AB863E5005904DA /* nssl0049.jpg */ = {isa = PBXFileReference; lastKnownFileType = image.jpeg; path = nssl0049.jpg; sourceTree = "<group>"; };
		1302E6FC2AB863E5005904DA /* nssl0046.jpg */ = {isa = PBXFileReference; lastKnownFileType = image.jpeg; path = nssl0046.jpg; sourceTree = "<group>"; };
		1302E6FD2AB863E5005904DA /* nssl0091.jpg */ = {isa = PBXFileReference; lastKnownFileType = image.jpeg; path = nssl0091.jpg; sourceTree = "<group>"; };
		1302E6FE2AB863E5005904DA /* nssl0045.jpg */ = {isa = PBXFileReference; lastKnownFileType = image.jpeg; path = nssl0045.jpg; sourceTree = "<group>"; };
		1302E6FF2AB863E5005904DA /* nssl0051.jpg */ = {isa = PBXFileReference; lastKnownFileType = image.jpeg; path = nssl0051.jpg; sourceTree = "<group>"; };
		1302E7002AB863E5005904DA /* nssl0041.jpg */ = {isa = PBXFileReference; lastKnownFileType = image.jpeg; path = nssl0041.jpg; sourceTree = "<group>"; };
		1302E7012AB863E5005904DA /* nssl0042.jpg */ = {isa = PBXFileReference; lastKnownFileType = image.jpeg; path = nssl0042.jpg; sourceTree = "<group>"; };
		1302E7022AB863E5005904DA /* nssl0043.jpg */ = {isa = PBXFileReference; lastKnownFileType = image.jpeg; path = nssl0043.jpg; sourceTree = "<group>"; };
		1302E7032AB863E5005904DA /* nssl0033.jpg */ = {isa = PBXFileReference; lastKnownFileType = image.jpeg; path = nssl0033.jpg; sourceTree = "<group>"; };
		1302E7042AB863E5005904DA /* nssl0034.jpg */ = {isa = PBXFileReference; lastKnownFileType = image.jpeg; path = nssl0034.jpg; sourceTree = "<group>"; };
		1302E70F2AB86506005904DA /* MainViewController.swift */ = {isa = PBXFileReference; lastKnownFileType = sourcecode.swift; path = MainViewController.swift; sourceTree = "<group>"; };
		1302E7112AB894DC005904DA /* ViewController2.swift */ = {isa = PBXFileReference; lastKnownFileType = sourcecode.swift; path = ViewController2.swift; sourceTree = "<group>"; };
		130A94852AB99FCF00824130 /* DetailViewController.swift */ = {isa = PBXFileReference; lastKnownFileType = sourcecode.swift; path = DetailViewController.swift; sourceTree = "<group>"; };
		130A94882AB9A0B800824130 /* DetailViewController2.swift */ = {isa = PBXFileReference; lastKnownFileType = sourcecode.swift; path = DetailViewController2.swift; sourceTree = "<group>"; };
/* End PBXFileReference section */

/* Begin PBXFrameworksBuildPhase section */
		1302E6E02AB862DE005904DA /* Frameworks */ = {
			isa = PBXFrameworksBuildPhase;
			buildActionMask = 2147483647;
			files = (
			);
			runOnlyForDeploymentPostprocessing = 0;
		};
/* End PBXFrameworksBuildPhase section */

/* Begin PBXGroup section */
		1302E6DA2AB862DE005904DA = {
			isa = PBXGroup;
			children = (
				1302E6E52AB862DE005904DA /* 016_to_018_Project1 */,
				1302E6E42AB862DE005904DA /* Products */,
			);
			sourceTree = "<group>";
		};
		1302E6E42AB862DE005904DA /* Products */ = {
			isa = PBXGroup;
			children = (
				1302E6E32AB862DE005904DA /* 016_to_018_Project1.app */,
			);
			name = Products;
			sourceTree = "<group>";
		};
		1302E6E52AB862DE005904DA /* 016_to_018_Project1 */ = {
			isa = PBXGroup;
			children = (
				130A948A2AB9A7F400824130 /* Storyboard Solution */,
				130A94872AB9A05300824130 /* ViewCode Solution */,
				1302E6E62AB862DE005904DA /* AppDelegate.swift */,
				1302E6E82AB862DE005904DA /* SceneDelegate.swift */,
				1302E70F2AB86506005904DA /* MainViewController.swift */,
				1302E6EF2AB862E1005904DA /* Assets.xcassets */,
				1302E6F12AB862E1005904DA /* LaunchScreen.storyboard */,
				1302E6F42AB862E1005904DA /* Info.plist */,
				1302E6FA2AB863E5005904DA /* Content */,
			);
			path = 016_to_018_Project1;
			sourceTree = "<group>";
		};
		1302E6FA2AB863E5005904DA /* Content */ = {
			isa = PBXGroup;
			children = (
				1302E6FB2AB863E5005904DA /* nssl0049.jpg */,
				1302E6FC2AB863E5005904DA /* nssl0046.jpg */,
				1302E6FD2AB863E5005904DA /* nssl0091.jpg */,
				1302E6FE2AB863E5005904DA /* nssl0045.jpg */,
				1302E6FF2AB863E5005904DA /* nssl0051.jpg */,
				1302E7002AB863E5005904DA /* nssl0041.jpg */,
				1302E7012AB863E5005904DA /* nssl0042.jpg */,
				1302E7022AB863E5005904DA /* nssl0043.jpg */,
				1302E7032AB863E5005904DA /* nssl0033.jpg */,
				1302E7042AB863E5005904DA /* nssl0034.jpg */,
			);
			path = Content;
			sourceTree = "<group>";
		};
		130A94872AB9A05300824130 /* ViewCode Solution */ = {
			isa = PBXGroup;
			children = (
				1302E7112AB894DC005904DA /* ViewController2.swift */,
				130A94882AB9A0B800824130 /* DetailViewController2.swift */,
			);
			path = "ViewCode Solution";
			sourceTree = "<group>";
		};
		130A948A2AB9A7F400824130 /* Storyboard Solution */ = {
			isa = PBXGroup;
			children = (
				1302E6EC2AB862DE005904DA /* Main.storyboard */,
				1302E6EA2AB862DE005904DA /* ViewController.swift */,
				130A94852AB99FCF00824130 /* DetailViewController.swift */,
			);
			path = "Storyboard Solution";
			sourceTree = "<group>";
		};
/* End PBXGroup section */

/* Begin PBXNativeTarget section */
		1302E6E22AB862DE005904DA /* 016_to_018_Project1 */ = {
			isa = PBXNativeTarget;
			buildConfigurationList = 1302E6F72AB862E1005904DA /* Build configuration list for PBXNativeTarget "016_to_018_Project1" */;
			buildPhases = (
				1302E6DF2AB862DE005904DA /* Sources */,
				1302E6E02AB862DE005904DA /* Frameworks */,
				1302E6E12AB862DE005904DA /* Resources */,
			);
			buildRules = (
			);
			dependencies = (
			);
			name = 016_to_018_Project1;
			productName = 016_to_018_Project1;
			productReference = 1302E6E32AB862DE005904DA /* 016_to_018_Project1.app */;
			productType = "com.apple.product-type.application";
		};
/* End PBXNativeTarget section */

/* Begin PBXProject section */
		1302E6DB2AB862DE005904DA /* Project object */ = {
			isa = PBXProject;
			attributes = {
				BuildIndependentTargetsInParallel = 1;
				LastSwiftUpdateCheck = 1410;
				LastUpgradeCheck = 1410;
				TargetAttributes = {
					1302E6E22AB862DE005904DA = {
						CreatedOnToolsVersion = 14.1;
					};
				};
			};
			buildConfigurationList = 1302E6DE2AB862DE005904DA /* Build configuration list for PBXProject "016_to_018_Project1" */;
			compatibilityVersion = "Xcode 14.0";
			developmentRegion = en;
			hasScannedForEncodings = 0;
			knownRegions = (
				en,
				Base,
			);
			mainGroup = 1302E6DA2AB862DE005904DA;
			productRefGroup = 1302E6E42AB862DE005904DA /* Products */;
			projectDirPath = "";
			projectRoot = "";
			targets = (
				1302E6E22AB862DE005904DA /* 016_to_018_Project1 */,
			);
		};
/* End PBXProject section */

/* Begin PBXResourcesBuildPhase section */
		1302E6E12AB862DE005904DA /* Resources */ = {
			isa = PBXResourcesBuildPhase;
			buildActionMask = 2147483647;
			files = (
				1302E7062AB863E6005904DA /* nssl0046.jpg in Resources */,
				1302E70D2AB863E6005904DA /* nssl0033.jpg in Resources */,
				1302E7092AB863E6005904DA /* nssl0051.jpg in Resources */,
				1302E7072AB863E6005904DA /* nssl0091.jpg in Resources */,
				1302E70C2AB863E6005904DA /* nssl0043.jpg in Resources */,
				1302E70E2AB863E6005904DA /* nssl0034.jpg in Resources */,
				1302E7052AB863E6005904DA /* nssl0049.jpg in Resources */,
				1302E70A2AB863E6005904DA /* nssl0041.jpg in Resources */,
				1302E70B2AB863E6005904DA /* nssl0042.jpg in Resources */,
				1302E6F32AB862E1005904DA /* LaunchScreen.storyboard in Resources */,
				1302E6F02AB862E1005904DA /* Assets.xcassets in Resources */,
				1302E7082AB863E6005904DA /* nssl0045.jpg in Resources */,
				1302E6EE2AB862DE005904DA /* Main.storyboard in Resources */,
			);
			runOnlyForDeploymentPostprocessing = 0;
		};
/* End PBXResourcesBuildPhase section */

/* Begin PBXSourcesBuildPhase section */
		1302E6DF2AB862DE005904DA /* Sources */ = {
			isa = PBXSourcesBuildPhase;
			buildActionMask = 2147483647;
			files = (
				1302E6EB2AB862DE005904DA /* ViewController.swift in Sources */,
				1302E6E72AB862DE005904DA /* AppDelegate.swift in Sources */,
				1302E7122AB894DC005904DA /* ViewController2.swift in Sources */,
				130A94862AB99FCF00824130 /* DetailViewController.swift in Sources */,
				130A94892AB9A0B800824130 /* DetailViewController2.swift in Sources */,
				1302E6E92AB862DE005904DA /* SceneDelegate.swift in Sources */,
				1302E7102AB86506005904DA /* MainViewController.swift in Sources */,
			);
			runOnlyForDeploymentPostprocessing = 0;
		};
/* End PBXSourcesBuildPhase section */

/* Begin PBXVariantGroup section */
		1302E6EC2AB862DE005904DA /* Main.storyboard */ = {
			isa = PBXVariantGroup;
			children = (
				1302E6ED2AB862DE005904DA /* Base */,
			);
			name = Main.storyboard;
			sourceTree = "<group>";
		};
		1302E6F12AB862E1005904DA /* LaunchScreen.storyboard */ = {
			isa = PBXVariantGroup;
			children = (
				1302E6F22AB862E1005904DA /* Base */,
			);
			name = LaunchScreen.storyboard;
			sourceTree = "<group>";
		};
/* End PBXVariantGroup section */

/* Begin XCBuildConfiguration section */
		1302E6F52AB862E1005904DA /* Debug */ = {
			isa = XCBuildConfiguration;
			buildSettings = {
				ALWAYS_SEARCH_USER_PATHS = NO;
				CLANG_ANALYZER_NONNULL = YES;
				CLANG_ANALYZER_NUMBER_OBJECT_CONVERSION = YES_AGGRESSIVE;
				CLANG_CXX_LANGUAGE_STANDARD = "gnu++20";
				CLANG_ENABLE_MODULES = YES;
				CLANG_ENABLE_OBJC_ARC = YES;
				CLANG_ENABLE_OBJC_WEAK = YES;
				CLANG_WARN_BLOCK_CAPTURE_AUTORELEASING = YES;
				CLANG_WARN_BOOL_CONVERSION = YES;
				CLANG_WARN_COMMA = YES;
				CLANG_WARN_CONSTANT_CONVERSION = YES;
				CLANG_WARN_DEPRECATED_OBJC_IMPLEMENTATIONS = YES;
				CLANG_WARN_DIRECT_OBJC_ISA_USAGE = YES_ERROR;
				CLANG_WARN_DOCUMENTATION_COMMENTS = YES;
				CLANG_WARN_EMPTY_BODY = YES;
				CLANG_WARN_ENUM_CONVERSION = YES;
				CLANG_WARN_INFINITE_RECURSION = YES;
				CLANG_WARN_INT_CONVERSION = YES;
				CLANG_WARN_NON_LITERAL_NULL_CONVERSION = YES;
				CLANG_WARN_OBJC_IMPLICIT_RETAIN_SELF = YES;
				CLANG_WARN_OBJC_LITERAL_CONVERSION = YES;
				CLANG_WARN_OBJC_ROOT_CLASS = YES_ERROR;
				CLANG_WARN_QUOTED_INCLUDE_IN_FRAMEWORK_HEADER = YES;
				CLANG_WARN_RANGE_LOOP_ANALYSIS = YES;
				CLANG_WARN_STRICT_PROTOTYPES = YES;
				CLANG_WARN_SUSPICIOUS_MOVE = YES;
				CLANG_WARN_UNGUARDED_AVAILABILITY = YES_AGGRESSIVE;
				CLANG_WARN_UNREACHABLE_CODE = YES;
				CLANG_WARN__DUPLICATE_METHOD_MATCH = YES;
				COPY_PHASE_STRIP = NO;
				DEBUG_INFORMATION_FORMAT = dwarf;
				ENABLE_STRICT_OBJC_MSGSEND = YES;
				ENABLE_TESTABILITY = YES;
				GCC_C_LANGUAGE_STANDARD = gnu11;
				GCC_DYNAMIC_NO_PIC = NO;
				GCC_NO_COMMON_BLOCKS = YES;
				GCC_OPTIMIZATION_LEVEL = 0;
				GCC_PREPROCESSOR_DEFINITIONS = (
					"DEBUG=1",
					"$(inherited)",
				);
				GCC_WARN_64_TO_32_BIT_CONVERSION = YES;
				GCC_WARN_ABOUT_RETURN_TYPE = YES_ERROR;
				GCC_WARN_UNDECLARED_SELECTOR = YES;
				GCC_WARN_UNINITIALIZED_AUTOS = YES_AGGRESSIVE;
				GCC_WARN_UNUSED_FUNCTION = YES;
				GCC_WARN_UNUSED_VARIABLE = YES;
				IPHONEOS_DEPLOYMENT_TARGET = 16.1;
				MTL_ENABLE_DEBUG_INFO = INCLUDE_SOURCE;
				MTL_FAST_MATH = YES;
				ONLY_ACTIVE_ARCH = YES;
				SDKROOT = iphoneos;
				SWIFT_ACTIVE_COMPILATION_CONDITIONS = DEBUG;
				SWIFT_OPTIMIZATION_LEVEL = "-Onone";
			};
			name = Debug;
		};
		1302E6F62AB862E1005904DA /* Release */ = {
			isa = XCBuildConfiguration;
			buildSettings = {
				ALWAYS_SEARCH_USER_PATHS = NO;
				CLANG_ANALYZER_NONNULL = YES;
				CLANG_ANALYZER_NUMBER_OBJECT_CONVERSION = YES_AGGRESSIVE;
				CLANG_CXX_LANGUAGE_STANDARD = "gnu++20";
				CLANG_ENABLE_MODULES = YES;
				CLANG_ENABLE_OBJC_ARC = YES;
				CLANG_ENABLE_OBJC_WEAK = YES;
				CLANG_WARN_BLOCK_CAPTURE_AUTORELEASING = YES;
				CLANG_WARN_BOOL_CONVERSION = YES;
				CLANG_WARN_COMMA = YES;
				CLANG_WARN_CONSTANT_CONVERSION = YES;
				CLANG_WARN_DEPRECATED_OBJC_IMPLEMENTATIONS = YES;
				CLANG_WARN_DIRECT_OBJC_ISA_USAGE = YES_ERROR;
				CLANG_WARN_DOCUMENTATION_COMMENTS = YES;
				CLANG_WARN_EMPTY_BODY = YES;
				CLANG_WARN_ENUM_CONVERSION = YES;
				CLANG_WARN_INFINITE_RECURSION = YES;
				CLANG_WARN_INT_CONVERSION = YES;
				CLANG_WARN_NON_LITERAL_NULL_CONVERSION = YES;
				CLANG_WARN_OBJC_IMPLICIT_RETAIN_SELF = YES;
				CLANG_WARN_OBJC_LITERAL_CONVERSION = YES;
				CLANG_WARN_OBJC_ROOT_CLASS = YES_ERROR;
				CLANG_WARN_QUOTED_INCLUDE_IN_FRAMEWORK_HEADER = YES;
				CLANG_WARN_RANGE_LOOP_ANALYSIS = YES;
				CLANG_WARN_STRICT_PROTOTYPES = YES;
				CLANG_WARN_SUSPICIOUS_MOVE = YES;
				CLANG_WARN_UNGUARDED_AVAILABILITY = YES_AGGRESSIVE;
				CLANG_WARN_UNREACHABLE_CODE = YES;
				CLANG_WARN__DUPLICATE_METHOD_MATCH = YES;
				COPY_PHASE_STRIP = NO;
				DEBUG_INFORMATION_FORMAT = "dwarf-with-dsym";
				ENABLE_NS_ASSERTIONS = NO;
				ENABLE_STRICT_OBJC_MSGSEND = YES;
				GCC_C_LANGUAGE_STANDARD = gnu11;
				GCC_NO_COMMON_BLOCKS = YES;
				GCC_WARN_64_TO_32_BIT_CONVERSION = YES;
				GCC_WARN_ABOUT_RETURN_TYPE = YES_ERROR;
				GCC_WARN_UNDECLARED_SELECTOR = YES;
				GCC_WARN_UNINITIALIZED_AUTOS = YES_AGGRESSIVE;
				GCC_WARN_UNUSED_FUNCTION = YES;
				GCC_WARN_UNUSED_VARIABLE = YES;
				IPHONEOS_DEPLOYMENT_TARGET = 16.1;
				MTL_ENABLE_DEBUG_INFO = NO;
				MTL_FAST_MATH = YES;
				SDKROOT = iphoneos;
				SWIFT_COMPILATION_MODE = wholemodule;
				SWIFT_OPTIMIZATION_LEVEL = "-O";
				VALIDATE_PRODUCT = YES;
			};
			name = Release;
		};
		1302E6F82AB862E1005904DA /* Debug */ = {
			isa = XCBuildConfiguration;
			buildSettings = {
				ASSETCATALOG_COMPILER_APPICON_NAME = AppIcon;
				ASSETCATALOG_COMPILER_GLOBAL_ACCENT_COLOR_NAME = AccentColor;
				CODE_SIGN_STYLE = Automatic;
				CURRENT_PROJECT_VERSION = 1;
				DEVELOPMENT_TEAM = 4GPJTSH854;
				GENERATE_INFOPLIST_FILE = YES;
				INFOPLIST_FILE = 016_to_018_Project1/Info.plist;
				INFOPLIST_KEY_UIApplicationSupportsIndirectInputEvents = YES;
				INFOPLIST_KEY_UILaunchStoryboardName = LaunchScreen;
				INFOPLIST_KEY_UIMainStoryboardFile = Main;
				INFOPLIST_KEY_UISupportedInterfaceOrientations_iPad = "UIInterfaceOrientationPortrait UIInterfaceOrientationPortraitUpsideDown UIInterfaceOrientationLandscapeLeft UIInterfaceOrientationLandscapeRight";
				INFOPLIST_KEY_UISupportedInterfaceOrientations_iPhone = "UIInterfaceOrientationPortrait UIInterfaceOrientationLandscapeLeft UIInterfaceOrientationLandscapeRight";
				LD_RUNPATH_SEARCH_PATHS = (
					"$(inherited)",
					"@executable_path/Frameworks",
				);
				MARKETING_VERSION = 1.0;
				PRODUCT_BUNDLE_IDENTIFIER = "com.hackingwithswift.-16-to-018-Project1";
				PRODUCT_NAME = "$(TARGET_NAME)";
				SWIFT_EMIT_LOC_STRINGS = YES;
				SWIFT_VERSION = 5.0;
				TARGETED_DEVICE_FAMILY = "1,2";
			};
			name = Debug;
		};
		1302E6F92AB862E1005904DA /* Release */ = {
			isa = XCBuildConfiguration;
			buildSettings = {
				ASSETCATALOG_COMPILER_APPICON_NAME = AppIcon;
				ASSETCATALOG_COMPILER_GLOBAL_ACCENT_COLOR_NAME = AccentColor;
				CODE_SIGN_STYLE = Automatic;
				CURRENT_PROJECT_VERSION = 1;
				DEVELOPMENT_TEAM = 4GPJTSH854;
				GENERATE_INFOPLIST_FILE = YES;
				INFOPLIST_FILE = 016_to_018_Project1/Info.plist;
				INFOPLIST_KEY_UIApplicationSupportsIndirectInputEvents = YES;
				INFOPLIST_KEY_UILaunchStoryboardName = LaunchScreen;
				INFOPLIST_KEY_UIMainStoryboardFile = Main;
				INFOPLIST_KEY_UISupportedInterfaceOrientations_iPad = "UIInterfaceOrientationPortrait UIInterfaceOrientationPortraitUpsideDown UIInterfaceOrientationLandscapeLeft UIInterfaceOrientationLandscapeRight";
				INFOPLIST_KEY_UISupportedInterfaceOrientations_iPhone = "UIInterfaceOrientationPortrait UIInterfaceOrientationLandscapeLeft UIInterfaceOrientationLandscapeRight";
				LD_RUNPATH_SEARCH_PATHS = (
					"$(inherited)",
					"@executable_path/Frameworks",
				);
				MARKETING_VERSION = 1.0;
				PRODUCT_BUNDLE_IDENTIFIER = "com.hackingwithswift.-16-to-018-Project1";
				PRODUCT_NAME = "$(TARGET_NAME)";
				SWIFT_EMIT_LOC_STRINGS = YES;
				SWIFT_VERSION = 5.0;
				TARGETED_DEVICE_FAMILY = "1,2";
			};
			name = Release;
		};
/* End XCBuildConfiguration section */

/* Begin XCConfigurationList section */
		1302E6DE2AB862DE005904DA /* Build configuration list for PBXProject "016_to_018_Project1" */ = {
			isa = XCConfigurationList;
			buildConfigurations = (
				1302E6F52AB862E1005904DA /* Debug */,
				1302E6F62AB862E1005904DA /* Release */,
			);
			defaultConfigurationIsVisible = 0;
			defaultConfigurationName = Release;
		};
		1302E6F72AB862E1005904DA /* Build configuration list for PBXNativeTarget "016_to_018_Project1" */ = {
			isa = XCConfigurationList;
			buildConfigurations = (
				1302E6F82AB862E1005904DA /* Debug */,
				1302E6F92AB862E1005904DA /* Release */,
			);
			defaultConfigurationIsVisible = 0;
			defaultConfigurationName = Release;
		};
/* End XCConfigurationList section */
	};
	rootObject = 1302E6DB2AB862DE005904DA /* Project object */;
}
