// !$*UTF8*$!
{
	archiveVersion = 1;
	classes = {
	};
	objectVersion = 56;
	objects = {

/* Begin PBXBuildFile section */
		1387EFF82AC18F69002C1050 /* AppDelegate.swift in Sources */ = {isa = PBXBuildFile; fileRef = 1387EFF72AC18F69002C1050 /* AppDelegate.swift */; };
		1387EFFA2AC18F69002C1050 /* SceneDelegate.swift in Sources */ = {isa = PBXBuildFile; fileRef = 1387EFF92AC18F69002C1050 /* SceneDelegate.swift */; };
		1387EFFC2AC18F69002C1050 /* ViewController.swift in Sources */ = {isa = PBXBuildFile; fileRef = 1387EFFB2AC18F69002C1050 /* ViewController.swift */; };
		1387EFFF2AC18F69002C1050 /* Main.storyboard in Resources */ = {isa = PBXBuildFile; fileRef = 1387EFFD2AC18F69002C1050 /* Main.storyboard */; };
		1387F0012AC18F6B002C1050 /* Assets.xcassets in Resources */ = {isa = PBXBuildFile; fileRef = 1387F0002AC18F6B002C1050 /* Assets.xcassets */; };
		1387F0042AC18F6B002C1050 /* LaunchScreen.storyboard in Resources */ = {isa = PBXBuildFile; fileRef = 1387F0022AC18F6B002C1050 /* LaunchScreen.storyboard */; };
		1387F00C2AC190C4002C1050 /* DetailViewController.swift in Sources */ = {isa = PBXBuildFile; fileRef = 1387F00B2AC190C4002C1050 /* DetailViewController.swift */; };
		138ACB7C2AD2DC8400640EF7 /* MainViewController.swift in Sources */ = {isa = PBXBuildFile; fileRef = 138ACB7B2AD2DC8400640EF7 /* MainViewController.swift */; };
		138ACB7F2AD2DCC700640EF7 /* FlagsListViewController.swift in Sources */ = {isa = PBXBuildFile; fileRef = 138ACB7E2AD2DCC700640EF7 /* FlagsListViewController.swift */; };
		138ACB842AD2DD8D00640EF7 /* FlagsListViewModel.swift in Sources */ = {isa = PBXBuildFile; fileRef = 138ACB832AD2DD8D00640EF7 /* FlagsListViewModel.swift */; };
		138ACB862AD2DDC400640EF7 /* FlagsViewCell.swift in Sources */ = {isa = PBXBuildFile; fileRef = 138ACB852AD2DDC400640EF7 /* FlagsViewCell.swift */; };
		138ACB8B2AD2F1FD00640EF7 /* FlagEstonia.png in Resources */ = {isa = PBXBuildFile; fileRef = 138ACB8A2AD2F1FD00640EF7 /* FlagEstonia.png */; };
		138ACB912AD2F99100640EF7 /* FlagFrance.png in Resources */ = {isa = PBXBuildFile; fileRef = 138ACB8C2AD2F99100640EF7 /* FlagFrance.png */; };
		138ACB922AD2F99100640EF7 /* FlagGermany.png in Resources */ = {isa = PBXBuildFile; fileRef = 138ACB8D2AD2F99100640EF7 /* FlagGermany.png */; };
		138ACB932AD2F99100640EF7 /* FlagMonaco.png in Resources */ = {isa = PBXBuildFile; fileRef = 138ACB8E2AD2F99100640EF7 /* FlagMonaco.png */; };
		138ACB942AD2F99100640EF7 /* FlagIreland.png in Resources */ = {isa = PBXBuildFile; fileRef = 138ACB8F2AD2F99100640EF7 /* FlagIreland.png */; };
		138ACB952AD2F99100640EF7 /* FlagItaly.png in Resources */ = {isa = PBXBuildFile; fileRef = 138ACB902AD2F99100640EF7 /* FlagItaly.png */; };
		138ACB9C2AD2FA8800640EF7 /* FlagPoland.png in Resources */ = {isa = PBXBuildFile; fileRef = 138ACB962AD2FA8800640EF7 /* FlagPoland.png */; };
		138ACB9D2AD2FA8800640EF7 /* FlagRussia.png in Resources */ = {isa = PBXBuildFile; fileRef = 138ACB972AD2FA8800640EF7 /* FlagRussia.png */; };
		138ACB9E2AD2FA8800640EF7 /* FlagUS.png in Resources */ = {isa = PBXBuildFile; fileRef = 138ACB982AD2FA8800640EF7 /* FlagUS.png */; };
		138ACB9F2AD2FA8800640EF7 /* FlagSpain.png in Resources */ = {isa = PBXBuildFile; fileRef = 138ACB992AD2FA8800640EF7 /* FlagSpain.png */; };
		138ACBA02AD2FA8800640EF7 /* FlagUK.png in Resources */ = {isa = PBXBuildFile; fileRef = 138ACB9A2AD2FA8800640EF7 /* FlagUK.png */; };
		138ACBA12AD2FA8800640EF7 /* FlagNigeria.png in Resources */ = {isa = PBXBuildFile; fileRef = 138ACB9B2AD2FA8800640EF7 /* FlagNigeria.png */; };
/* End PBXBuildFile section */

/* Begin PBXFileReference section */
		1387EFF42AC18F69002C1050 /* 023_Challenge.app */ = {isa = PBXFileReference; explicitFileType = wrapper.application; includeInIndex = 0; path = 023_Challenge.app; sourceTree = BUILT_PRODUCTS_DIR; };
		1387EFF72AC18F69002C1050 /* AppDelegate.swift */ = {isa = PBXFileReference; lastKnownFileType = sourcecode.swift; path = AppDelegate.swift; sourceTree = "<group>"; };
		1387EFF92AC18F69002C1050 /* SceneDelegate.swift */ = {isa = PBXFileReference; lastKnownFileType = sourcecode.swift; path = SceneDelegate.swift; sourceTree = "<group>"; };
		1387EFFB2AC18F69002C1050 /* ViewController.swift */ = {isa = PBXFileReference; lastKnownFileType = sourcecode.swift; path = ViewController.swift; sourceTree = "<group>"; };
		1387EFFE2AC18F69002C1050 /* Base */ = {isa = PBXFileReference; lastKnownFileType = file.storyboard; name = Base; path = Base.lproj/Main.storyboard; sourceTree = "<group>"; };
		1387F0002AC18F6B002C1050 /* Assets.xcassets */ = {isa = PBXFileReference; lastKnownFileType = folder.assetcatalog; path = Assets.xcassets; sourceTree = "<group>"; };
		1387F0032AC18F6B002C1050 /* Base */ = {isa = PBXFileReference; lastKnownFileType = file.storyboard; name = Base; path = Base.lproj/LaunchScreen.storyboard; sourceTree = "<group>"; };
		1387F0052AC18F6B002C1050 /* Info.plist */ = {isa = PBXFileReference; lastKnownFileType = text.plist.xml; path = Info.plist; sourceTree = "<group>"; };
		1387F00B2AC190C4002C1050 /* DetailViewController.swift */ = {isa = PBXFileReference; lastKnownFileType = sourcecode.swift; path = DetailViewController.swift; sourceTree = "<group>"; };
		138ACB7B2AD2DC8400640EF7 /* MainViewController.swift */ = {isa = PBXFileReference; lastKnownFileType = sourcecode.swift; path = MainViewController.swift; sourceTree = "<group>"; };
		138ACB7E2AD2DCC700640EF7 /* FlagsListViewController.swift */ = {isa = PBXFileReference; lastKnownFileType = sourcecode.swift; path = FlagsListViewController.swift; sourceTree = "<group>"; };
		138ACB832AD2DD8D00640EF7 /* FlagsListViewModel.swift */ = {isa = PBXFileReference; lastKnownFileType = sourcecode.swift; path = FlagsListViewModel.swift; sourceTree = "<group>"; };
		138ACB852AD2DDC400640EF7 /* FlagsViewCell.swift */ = {isa = PBXFileReference; lastKnownFileType = sourcecode.swift; path = FlagsViewCell.swift; sourceTree = "<group>"; };
		138ACB8A2AD2F1FD00640EF7 /* FlagEstonia.png */ = {isa = PBXFileReference; lastKnownFileType = image.png; path = FlagEstonia.png; sourceTree = "<group>"; };
		138ACB8C2AD2F99100640EF7 /* FlagFrance.png */ = {isa = PBXFileReference; lastKnownFileType = image.png; path = FlagFrance.png; sourceTree = "<group>"; };
		138ACB8D2AD2F99100640EF7 /* FlagGermany.png */ = {isa = PBXFileReference; lastKnownFileType = image.png; path = FlagGermany.png; sourceTree = "<group>"; };
		138ACB8E2AD2F99100640EF7 /* FlagMonaco.png */ = {isa = PBXFileReference; lastKnownFileType = image.png; path = FlagMonaco.png; sourceTree = "<group>"; };
		138ACB8F2AD2F99100640EF7 /* FlagIreland.png */ = {isa = PBXFileReference; lastKnownFileType = image.png; path = FlagIreland.png; sourceTree = "<group>"; };
		138ACB902AD2F99100640EF7 /* FlagItaly.png */ = {isa = PBXFileReference; lastKnownFileType = image.png; path = FlagItaly.png; sourceTree = "<group>"; };
		138ACB962AD2FA8800640EF7 /* FlagPoland.png */ = {isa = PBXFileReference; lastKnownFileType = image.png; path = FlagPoland.png; sourceTree = "<group>"; };
		138ACB972AD2FA8800640EF7 /* FlagRussia.png */ = {isa = PBXFileReference; lastKnownFileType = image.png; path = FlagRussia.png; sourceTree = "<group>"; };
		138ACB982AD2FA8800640EF7 /* FlagUS.png */ = {isa = PBXFileReference; lastKnownFileType = image.png; path = FlagUS.png; sourceTree = "<group>"; };
		138ACB992AD2FA8800640EF7 /* FlagSpain.png */ = {isa = PBXFileReference; lastKnownFileType = image.png; path = FlagSpain.png; sourceTree = "<group>"; };
		138ACB9A2AD2FA8800640EF7 /* FlagUK.png */ = {isa = PBXFileReference; lastKnownFileType = image.png; path = FlagUK.png; sourceTree = "<group>"; };
		138ACB9B2AD2FA8800640EF7 /* FlagNigeria.png */ = {isa = PBXFileReference; lastKnownFileType = image.png; path = FlagNigeria.png; sourceTree = "<group>"; };
/* End PBXFileReference section */

/* Begin PBXFrameworksBuildPhase section */
		1387EFF12AC18F69002C1050 /* Frameworks */ = {
			isa = PBXFrameworksBuildPhase;
			buildActionMask = 2147483647;
			files = (
			);
			runOnlyForDeploymentPostprocessing = 0;
		};
/* End PBXFrameworksBuildPhase section */

/* Begin PBXGroup section */
		1387EFEB2AC18F68002C1050 = {
			isa = PBXGroup;
			children = (
				1387EFF62AC18F69002C1050 /* 023_Challenge */,
				1387EFF52AC18F69002C1050 /* Products */,
			);
			sourceTree = "<group>";
		};
		1387EFF52AC18F69002C1050 /* Products */ = {
			isa = PBXGroup;
			children = (
				1387EFF42AC18F69002C1050 /* 023_Challenge.app */,
			);
			name = Products;
			sourceTree = "<group>";
		};
		1387EFF62AC18F69002C1050 /* 023_Challenge */ = {
			isa = PBXGroup;
			children = (
				1387EFF72AC18F69002C1050 /* AppDelegate.swift */,
				1387EFF92AC18F69002C1050 /* SceneDelegate.swift */,
				138ACB7B2AD2DC8400640EF7 /* MainViewController.swift */,
				138ACB7D2AD2DCAB00640EF7 /* ViewCode Solution */,
				138ACB7A2AD2DC0000640EF7 /* Storyboard Solution */,
				1387F0002AC18F6B002C1050 /* Assets.xcassets */,
				138ACB872AD2F0E900640EF7 /* Flags */,
				1387F0022AC18F6B002C1050 /* LaunchScreen.storyboard */,
				1387F0052AC18F6B002C1050 /* Info.plist */,
			);
			path = 023_Challenge;
			sourceTree = "<group>";
		};
		138ACB7A2AD2DC0000640EF7 /* Storyboard Solution */ = {
			isa = PBXGroup;
			children = (
				1387EFFD2AC18F69002C1050 /* Main.storyboard */,
				1387EFFB2AC18F69002C1050 /* ViewController.swift */,
				1387F00B2AC190C4002C1050 /* DetailViewController.swift */,
			);
			path = "Storyboard Solution";
			sourceTree = "<group>";
		};
		138ACB7D2AD2DCAB00640EF7 /* ViewCode Solution */ = {
			isa = PBXGroup;
			children = (
				138ACB822AD2DD3800640EF7 /* Flags List */,
			);
			path = "ViewCode Solution";
			sourceTree = "<group>";
		};
		138ACB822AD2DD3800640EF7 /* Flags List */ = {
			isa = PBXGroup;
			children = (
				138ACB7E2AD2DCC700640EF7 /* FlagsListViewController.swift */,
				138ACB852AD2DDC400640EF7 /* FlagsViewCell.swift */,
				138ACB832AD2DD8D00640EF7 /* FlagsListViewModel.swift */,
			);
			path = "Flags List";
			sourceTree = "<group>";
		};
		138ACB872AD2F0E900640EF7 /* Flags */ = {
			isa = PBXGroup;
			children = (
				138ACB8A2AD2F1FD00640EF7 /* FlagEstonia.png */,
				138ACB8C2AD2F99100640EF7 /* FlagFrance.png */,
				138ACB8D2AD2F99100640EF7 /* FlagGermany.png */,
				138ACB8F2AD2F99100640EF7 /* FlagIreland.png */,
				138ACB902AD2F99100640EF7 /* FlagItaly.png */,
				138ACB8E2AD2F99100640EF7 /* FlagMonaco.png */,
				138ACB9B2AD2FA8800640EF7 /* FlagNigeria.png */,
				138ACB962AD2FA8800640EF7 /* FlagPoland.png */,
				138ACB972AD2FA8800640EF7 /* FlagRussia.png */,
				138ACB992AD2FA8800640EF7 /* FlagSpain.png */,
				138ACB9A2AD2FA8800640EF7 /* FlagUK.png */,
				138ACB982AD2FA8800640EF7 /* FlagUS.png */,
			);
			path = Flags;
			sourceTree = "<group>";
		};
/* End PBXGroup section */

/* Begin PBXNativeTarget section */
		1387EFF32AC18F69002C1050 /* 023_Challenge */ = {
			isa = PBXNativeTarget;
			buildConfigurationList = 1387F0082AC18F6B002C1050 /* Build configuration list for PBXNativeTarget "023_Challenge" */;
			buildPhases = (
				1387EFF02AC18F69002C1050 /* Sources */,
				1387EFF12AC18F69002C1050 /* Frameworks */,
				1387EFF22AC18F69002C1050 /* Resources */,
			);
			buildRules = (
			);
			dependencies = (
			);
			name = 023_Challenge;
			productName = 023_Challenge;
			productReference = 1387EFF42AC18F69002C1050 /* 023_Challenge.app */;
			productType = "com.apple.product-type.application";
		};
/* End PBXNativeTarget section */

/* Begin PBXProject section */
		1387EFEC2AC18F68002C1050 /* Project object */ = {
			isa = PBXProject;
			attributes = {
				BuildIndependentTargetsInParallel = 1;
				LastSwiftUpdateCheck = 1410;
				LastUpgradeCheck = 1410;
				TargetAttributes = {
					1387EFF32AC18F69002C1050 = {
						CreatedOnToolsVersion = 14.1;
					};
				};
			};
			buildConfigurationList = 1387EFEF2AC18F68002C1050 /* Build configuration list for PBXProject "023_Challenge" */;
			compatibilityVersion = "Xcode 14.0";
			developmentRegion = en;
			hasScannedForEncodings = 0;
			knownRegions = (
				en,
				Base,
			);
			mainGroup = 1387EFEB2AC18F68002C1050;
			productRefGroup = 1387EFF52AC18F69002C1050 /* Products */;
			projectDirPath = "";
			projectRoot = "";
			targets = (
				1387EFF32AC18F69002C1050 /* 023_Challenge */,
			);
		};
/* End PBXProject section */

/* Begin PBXResourcesBuildPhase section */
		1387EFF22AC18F69002C1050 /* Resources */ = {
			isa = PBXResourcesBuildPhase;
			buildActionMask = 2147483647;
			files = (
				138ACB912AD2F99100640EF7 /* FlagFrance.png in Resources */,
				138ACB9D2AD2FA8800640EF7 /* FlagRussia.png in Resources */,
				138ACB9C2AD2FA8800640EF7 /* FlagPoland.png in Resources */,
				138ACBA12AD2FA8800640EF7 /* FlagNigeria.png in Resources */,
				1387F0042AC18F6B002C1050 /* LaunchScreen.storyboard in Resources */,
				1387F0012AC18F6B002C1050 /* Assets.xcassets in Resources */,
				138ACB942AD2F99100640EF7 /* FlagIreland.png in Resources */,
				138ACB932AD2F99100640EF7 /* FlagMonaco.png in Resources */,
				138ACB9F2AD2FA8800640EF7 /* FlagSpain.png in Resources */,
				138ACB9E2AD2FA8800640EF7 /* FlagUS.png in Resources */,
				1387EFFF2AC18F69002C1050 /* Main.storyboard in Resources */,
				138ACB952AD2F99100640EF7 /* FlagItaly.png in Resources */,
				138ACB8B2AD2F1FD00640EF7 /* FlagEstonia.png in Resources */,
				138ACB922AD2F99100640EF7 /* FlagGermany.png in Resources */,
				138ACBA02AD2FA8800640EF7 /* FlagUK.png in Resources */,
			);
			runOnlyForDeploymentPostprocessing = 0;
		};
/* End PBXResourcesBuildPhase section */

/* Begin PBXSourcesBuildPhase section */
		1387EFF02AC18F69002C1050 /* Sources */ = {
			isa = PBXSourcesBuildPhase;
			buildActionMask = 2147483647;
			files = (
				138ACB862AD2DDC400640EF7 /* FlagsViewCell.swift in Sources */,
				138ACB842AD2DD8D00640EF7 /* FlagsListViewModel.swift in Sources */,
				1387EFFC2AC18F69002C1050 /* ViewController.swift in Sources */,
				1387EFF82AC18F69002C1050 /* AppDelegate.swift in Sources */,
				1387EFFA2AC18F69002C1050 /* SceneDelegate.swift in Sources */,
				1387F00C2AC190C4002C1050 /* DetailViewController.swift in Sources */,
				138ACB7C2AD2DC8400640EF7 /* MainViewController.swift in Sources */,
				138ACB7F2AD2DCC700640EF7 /* FlagsListViewController.swift in Sources */,
			);
			runOnlyForDeploymentPostprocessing = 0;
		};
/* End PBXSourcesBuildPhase section */

/* Begin PBXVariantGroup section */
		1387EFFD2AC18F69002C1050 /* Main.storyboard */ = {
			isa = PBXVariantGroup;
			children = (
				1387EFFE2AC18F69002C1050 /* Base */,
			);
			name = Main.storyboard;
			sourceTree = "<group>";
		};
		1387F0022AC18F6B002C1050 /* LaunchScreen.storyboard */ = {
			isa = PBXVariantGroup;
			children = (
				1387F0032AC18F6B002C1050 /* Base */,
			);
			name = LaunchScreen.storyboard;
			sourceTree = "<group>";
		};
/* End PBXVariantGroup section */

/* Begin XCBuildConfiguration section */
		1387F0062AC18F6B002C1050 /* Debug */ = {
			isa = XCBuildConfiguration;
			buildSettings = {
				ALWAYS_SEARCH_USER_PATHS = NO;
				CLANG_ANALYZER_NONNULL = YES;
				CLANG_ANALYZER_NUMBER_OBJECT_CONVERSION = YES_AGGRESSIVE;
				CLANG_CXX_LANGUAGE_STANDARD = "gnu++20";
				CLANG_ENABLE_MODULES = YES;
				CLANG_ENABLE_OBJC_ARC = YES;
				CLANG_ENABLE_OBJC_WEAK = YES;
				CLANG_WARN_BLOCK_CAPTURE_AUTORELEASING = YES;
				CLANG_WARN_BOOL_CONVERSION = YES;
				CLANG_WARN_COMMA = YES;
				CLANG_WARN_CONSTANT_CONVERSION = YES;
				CLANG_WARN_DEPRECATED_OBJC_IMPLEMENTATIONS = YES;
				CLANG_WARN_DIRECT_OBJC_ISA_USAGE = YES_ERROR;
				CLANG_WARN_DOCUMENTATION_COMMENTS = YES;
				CLANG_WARN_EMPTY_BODY = YES;
				CLANG_WARN_ENUM_CONVERSION = YES;
				CLANG_WARN_INFINITE_RECURSION = YES;
				CLANG_WARN_INT_CONVERSION = YES;
				CLANG_WARN_NON_LITERAL_NULL_CONVERSION = YES;
				CLANG_WARN_OBJC_IMPLICIT_RETAIN_SELF = YES;
				CLANG_WARN_OBJC_LITERAL_CONVERSION = YES;
				CLANG_WARN_OBJC_ROOT_CLASS = YES_ERROR;
				CLANG_WARN_QUOTED_INCLUDE_IN_FRAMEWORK_HEADER = YES;
				CLANG_WARN_RANGE_LOOP_ANALYSIS = YES;
				CLANG_WARN_STRICT_PROTOTYPES = YES;
				CLANG_WARN_SUSPICIOUS_MOVE = YES;
				CLANG_WARN_UNGUARDED_AVAILABILITY = YES_AGGRESSIVE;
				CLANG_WARN_UNREACHABLE_CODE = YES;
				CLANG_WARN__DUPLICATE_METHOD_MATCH = YES;
				COPY_PHASE_STRIP = NO;
				DEBUG_INFORMATION_FORMAT = dwarf;
				ENABLE_STRICT_OBJC_MSGSEND = YES;
				ENABLE_TESTABILITY = YES;
				GCC_C_LANGUAGE_STANDARD = gnu11;
				GCC_DYNAMIC_NO_PIC = NO;
				GCC_NO_COMMON_BLOCKS = YES;
				GCC_OPTIMIZATION_LEVEL = 0;
				GCC_PREPROCESSOR_DEFINITIONS = (
					"DEBUG=1",
					"$(inherited)",
				);
				GCC_WARN_64_TO_32_BIT_CONVERSION = YES;
				GCC_WARN_ABOUT_RETURN_TYPE = YES_ERROR;
				GCC_WARN_UNDECLARED_SELECTOR = YES;
				GCC_WARN_UNINITIALIZED_AUTOS = YES_AGGRESSIVE;
				GCC_WARN_UNUSED_FUNCTION = YES;
				GCC_WARN_UNUSED_VARIABLE = YES;
				IPHONEOS_DEPLOYMENT_TARGET = 16.1;
				MTL_ENABLE_DEBUG_INFO = INCLUDE_SOURCE;
				MTL_FAST_MATH = YES;
				ONLY_ACTIVE_ARCH = YES;
				SDKROOT = iphoneos;
				SWIFT_ACTIVE_COMPILATION_CONDITIONS = DEBUG;
				SWIFT_OPTIMIZATION_LEVEL = "-Onone";
			};
			name = Debug;
		};
		1387F0072AC18F6B002C1050 /* Release */ = {
			isa = XCBuildConfiguration;
			buildSettings = {
				ALWAYS_SEARCH_USER_PATHS = NO;
				CLANG_ANALYZER_NONNULL = YES;
				CLANG_ANALYZER_NUMBER_OBJECT_CONVERSION = YES_AGGRESSIVE;
				CLANG_CXX_LANGUAGE_STANDARD = "gnu++20";
				CLANG_ENABLE_MODULES = YES;
				CLANG_ENABLE_OBJC_ARC = YES;
				CLANG_ENABLE_OBJC_WEAK = YES;
				CLANG_WARN_BLOCK_CAPTURE_AUTORELEASING = YES;
				CLANG_WARN_BOOL_CONVERSION = YES;
				CLANG_WARN_COMMA = YES;
				CLANG_WARN_CONSTANT_CONVERSION = YES;
				CLANG_WARN_DEPRECATED_OBJC_IMPLEMENTATIONS = YES;
				CLANG_WARN_DIRECT_OBJC_ISA_USAGE = YES_ERROR;
				CLANG_WARN_DOCUMENTATION_COMMENTS = YES;
				CLANG_WARN_EMPTY_BODY = YES;
				CLANG_WARN_ENUM_CONVERSION = YES;
				CLANG_WARN_INFINITE_RECURSION = YES;
				CLANG_WARN_INT_CONVERSION = YES;
				CLANG_WARN_NON_LITERAL_NULL_CONVERSION = YES;
				CLANG_WARN_OBJC_IMPLICIT_RETAIN_SELF = YES;
				CLANG_WARN_OBJC_LITERAL_CONVERSION = YES;
				CLANG_WARN_OBJC_ROOT_CLASS = YES_ERROR;
				CLANG_WARN_QUOTED_INCLUDE_IN_FRAMEWORK_HEADER = YES;
				CLANG_WARN_RANGE_LOOP_ANALYSIS = YES;
				CLANG_WARN_STRICT_PROTOTYPES = YES;
				CLANG_WARN_SUSPICIOUS_MOVE = YES;
				CLANG_WARN_UNGUARDED_AVAILABILITY = YES_AGGRESSIVE;
				CLANG_WARN_UNREACHABLE_CODE = YES;
				CLANG_WARN__DUPLICATE_METHOD_MATCH = YES;
				COPY_PHASE_STRIP = NO;
				DEBUG_INFORMATION_FORMAT = "dwarf-with-dsym";
				ENABLE_NS_ASSERTIONS = NO;
				ENABLE_STRICT_OBJC_MSGSEND = YES;
				GCC_C_LANGUAGE_STANDARD = gnu11;
				GCC_NO_COMMON_BLOCKS = YES;
				GCC_WARN_64_TO_32_BIT_CONVERSION = YES;
				GCC_WARN_ABOUT_RETURN_TYPE = YES_ERROR;
				GCC_WARN_UNDECLARED_SELECTOR = YES;
				GCC_WARN_UNINITIALIZED_AUTOS = YES_AGGRESSIVE;
				GCC_WARN_UNUSED_FUNCTION = YES;
				GCC_WARN_UNUSED_VARIABLE = YES;
				IPHONEOS_DEPLOYMENT_TARGET = 16.1;
				MTL_ENABLE_DEBUG_INFO = NO;
				MTL_FAST_MATH = YES;
				SDKROOT = iphoneos;
				SWIFT_COMPILATION_MODE = wholemodule;
				SWIFT_OPTIMIZATION_LEVEL = "-O";
				VALIDATE_PRODUCT = YES;
			};
			name = Release;
		};
		1387F0092AC18F6B002C1050 /* Debug */ = {
			isa = XCBuildConfiguration;
			buildSettings = {
				ASSETCATALOG_COMPILER_APPICON_NAME = AppIcon;
				ASSETCATALOG_COMPILER_GLOBAL_ACCENT_COLOR_NAME = AccentColor;
				CODE_SIGN_STYLE = Automatic;
				CURRENT_PROJECT_VERSION = 1;
				DEVELOPMENT_TEAM = 4GPJTSH854;
				GENERATE_INFOPLIST_FILE = YES;
				INFOPLIST_FILE = 023_Challenge/Info.plist;
				INFOPLIST_KEY_UIApplicationSupportsIndirectInputEvents = YES;
				INFOPLIST_KEY_UILaunchStoryboardName = LaunchScreen;
				INFOPLIST_KEY_UIMainStoryboardFile = Main;
				INFOPLIST_KEY_UISupportedInterfaceOrientations_iPad = "UIInterfaceOrientationPortrait UIInterfaceOrientationPortraitUpsideDown UIInterfaceOrientationLandscapeLeft UIInterfaceOrientationLandscapeRight";
				INFOPLIST_KEY_UISupportedInterfaceOrientations_iPhone = "UIInterfaceOrientationPortrait UIInterfaceOrientationLandscapeLeft UIInterfaceOrientationLandscapeRight";
				LD_RUNPATH_SEARCH_PATHS = (
					"$(inherited)",
					"@executable_path/Frameworks",
				);
				MARKETING_VERSION = 1.0;
				PRODUCT_BUNDLE_IDENTIFIER = "com.hackingwithswift.-23-Challenge";
				PRODUCT_NAME = "$(TARGET_NAME)";
				SWIFT_EMIT_LOC_STRINGS = YES;
				SWIFT_VERSION = 5.0;
				TARGETED_DEVICE_FAMILY = "1,2";
			};
			name = Debug;
		};
		1387F00A2AC18F6B002C1050 /* Release */ = {
			isa = XCBuildConfiguration;
			buildSettings = {
				ASSETCATALOG_COMPILER_APPICON_NAME = AppIcon;
				ASSETCATALOG_COMPILER_GLOBAL_ACCENT_COLOR_NAME = AccentColor;
				CODE_SIGN_STYLE = Automatic;
				CURRENT_PROJECT_VERSION = 1;
				DEVELOPMENT_TEAM = 4GPJTSH854;
				GENERATE_INFOPLIST_FILE = YES;
				INFOPLIST_FILE = 023_Challenge/Info.plist;
				INFOPLIST_KEY_UIApplicationSupportsIndirectInputEvents = YES;
				INFOPLIST_KEY_UILaunchStoryboardName = LaunchScreen;
				INFOPLIST_KEY_UIMainStoryboardFile = Main;
				INFOPLIST_KEY_UISupportedInterfaceOrientations_iPad = "UIInterfaceOrientationPortrait UIInterfaceOrientationPortraitUpsideDown UIInterfaceOrientationLandscapeLeft UIInterfaceOrientationLandscapeRight";
				INFOPLIST_KEY_UISupportedInterfaceOrientations_iPhone = "UIInterfaceOrientationPortrait UIInterfaceOrientationLandscapeLeft UIInterfaceOrientationLandscapeRight";
				LD_RUNPATH_SEARCH_PATHS = (
					"$(inherited)",
					"@executable_path/Frameworks",
				);
				MARKETING_VERSION = 1.0;
				PRODUCT_BUNDLE_IDENTIFIER = "com.hackingwithswift.-23-Challenge";
				PRODUCT_NAME = "$(TARGET_NAME)";
				SWIFT_EMIT_LOC_STRINGS = YES;
				SWIFT_VERSION = 5.0;
				TARGETED_DEVICE_FAMILY = "1,2";
			};
			name = Release;
		};
/* End XCBuildConfiguration section */

/* Begin XCConfigurationList section */
		1387EFEF2AC18F68002C1050 /* Build configuration list for PBXProject "023_Challenge" */ = {
			isa = XCConfigurationList;
			buildConfigurations = (
				1387F0062AC18F6B002C1050 /* Debug */,
				1387F0072AC18F6B002C1050 /* Release */,
			);
			defaultConfigurationIsVisible = 0;
			defaultConfigurationName = Release;
		};
		1387F0082AC18F6B002C1050 /* Build configuration list for PBXNativeTarget "023_Challenge" */ = {
			isa = XCConfigurationList;
			buildConfigurations = (
				1387F0092AC18F6B002C1050 /* Debug */,
				1387F00A2AC18F6B002C1050 /* Release */,
			);
			defaultConfigurationIsVisible = 0;
			defaultConfigurationName = Release;
		};
/* End XCConfigurationList section */
	};
	rootObject = 1387EFEC2AC18F68002C1050 /* Project object */;
}
